// !$*UTF8*$!
{
	archiveVersion = 1;
	classes = {
	};
	objectVersion = 46;
	objects = {

/* Begin PBXBuildFile section */
		0ECD2ECA1B4E408000C65456 /* TransportingModel.m in Sources */ = {isa = PBXBuildFile; fileRef = 0ECD2EC91B4E408000C65456 /* TransportingModel.m */; };
		0ECD46611B4D0109002BA802 /* TransportingTableViewCell.m in Sources */ = {isa = PBXBuildFile; fileRef = 0ECD46601B4D0109002BA802 /* TransportingTableViewCell.m */; };
		0ECD46641B4D3B4A002BA802 /* LoadGoodsViewController2.m in Sources */ = {isa = PBXBuildFile; fileRef = 0ECD46631B4D3B4A002BA802 /* LoadGoodsViewController2.m */; };
		1A0769B11B4D5B1B00704269 /* HistoryDetailCell.m in Sources */ = {isa = PBXBuildFile; fileRef = 1A0769B01B4D5B1B00704269 /* HistoryDetailCell.m */; };
		1A2B6FF61B4CF0B8002FFD96 /* TopButton.m in Sources */ = {isa = PBXBuildFile; fileRef = 1A2B6FF51B4CF0B8002FFD96 /* TopButton.m */; };
		1A2B6FF91B4D0441002FFD96 /* LogisticsCell.m in Sources */ = {isa = PBXBuildFile; fileRef = 1A2B6FF81B4D0441002FFD96 /* LogisticsCell.m */; };
		1A2B6FFC1B4D2314002FFD96 /* ShipDetailCell.m in Sources */ = {isa = PBXBuildFile; fileRef = 1A2B6FFB1B4D2314002FFD96 /* ShipDetailCell.m */; };
		1A2B6FFF1B4D3C29002FFD96 /* HistoryController.m in Sources */ = {isa = PBXBuildFile; fileRef = 1A2B6FFE1B4D3C29002FFD96 /* HistoryController.m */; };
		1A2B70021B4D4253002FFD96 /* ShipHistoryCell.m in Sources */ = {isa = PBXBuildFile; fileRef = 1A2B70011B4D4253002FFD96 /* ShipHistoryCell.m */; };
		1A2B70051B4D4C12002FFD96 /* HistoryDetailController.m in Sources */ = {isa = PBXBuildFile; fileRef = 1A2B70041B4D4C12002FFD96 /* HistoryDetailController.m */; };
		1A8804FE1B50FDFD007B44BE /* LogistCellTwo.m in Sources */ = {isa = PBXBuildFile; fileRef = 1A8804FD1B50FDFD007B44BE /* LogistCellTwo.m */; };
		1A88388B1B4E4A7E003BEB43 /* ShipOrder.m in Sources */ = {isa = PBXBuildFile; fileRef = 1A88388A1B4E4A7E003BEB43 /* ShipOrder.m */; };
		1A8838911B4E54AA003BEB43 /* JoinShipController.m in Sources */ = {isa = PBXBuildFile; fileRef = 1A8838901B4E54AA003BEB43 /* JoinShipController.m */; };
		1A8838941B4E6F30003BEB43 /* ShipTeam.m in Sources */ = {isa = PBXBuildFile; fileRef = 1A8838931B4E6F30003BEB43 /* ShipTeam.m */; };
		1A8838971B4E6F9F003BEB43 /* ShipInTeam.m in Sources */ = {isa = PBXBuildFile; fileRef = 1A8838961B4E6F9F003BEB43 /* ShipInTeam.m */; };
		1A88389A1B4E7038003BEB43 /* MyShipModel.m in Sources */ = {isa = PBXBuildFile; fileRef = 1A8838991B4E7038003BEB43 /* MyShipModel.m */; };
		1A883C7F1B4FBAB100AC858A /* PayForShipController.m in Sources */ = {isa = PBXBuildFile; fileRef = 1A883C7E1B4FBAB100AC858A /* PayForShipController.m */; };
		1A883C821B4FD8B500AC858A /* PayNumberCell.m in Sources */ = {isa = PBXBuildFile; fileRef = 1A883C811B4FD8B500AC858A /* PayNumberCell.m */; };
		9302B5981B3AA6CE00596A80 /* MYView.m in Sources */ = {isa = PBXBuildFile; fileRef = 9302B5971B3AA6CE00596A80 /* MYView.m */; };
		9302B59B1B3AC2F300596A80 /* GoodsTransDetailViewController.m in Sources */ = {isa = PBXBuildFile; fileRef = 9302B59A1B3AC2F300596A80 /* GoodsTransDetailViewController.m */; };
		9302B59E1B3AE1BE00596A80 /* ShipInfoCell.m in Sources */ = {isa = PBXBuildFile; fileRef = 9302B59D1B3AE1BE00596A80 /* ShipInfoCell.m */; };
		931EFD041B4284930045752C /* WebViewViewController.m in Sources */ = {isa = PBXBuildFile; fileRef = 931EFD031B4284930045752C /* WebViewViewController.m */; };
		9335142A1B3B9AD60059611B /* PayFreightViewController.m in Sources */ = {isa = PBXBuildFile; fileRef = 933514291B3B9AD60059611B /* PayFreightViewController.m */; };
		9335142D1B3C09CA0059611B /* RegresultViewController.m in Sources */ = {isa = PBXBuildFile; fileRef = 9335142C1B3C09CA0059611B /* RegresultViewController.m */; };
		933514301B3C1FD70059611B /* LoadGoodsViewController.m in Sources */ = {isa = PBXBuildFile; fileRef = 9335142F1B3C1FD70059611B /* LoadGoodsViewController.m */; };
		933514331B3D826F0059611B /* ShipTeamDetailViewController.m in Sources */ = {isa = PBXBuildFile; fileRef = 933514321B3D826F0059611B /* ShipTeamDetailViewController.m */; };
		933514361B3D8BB40059611B /* ShipListModel.m in Sources */ = {isa = PBXBuildFile; fileRef = 933514351B3D8BB40059611B /* ShipListModel.m */; };
		9342EE9C1B1F0F43000BF13F /* SettingViewController.m in Sources */ = {isa = PBXBuildFile; fileRef = 9342EE9B1B1F0F43000BF13F /* SettingViewController.m */; };
		9342EE9F1B1F1F95000BF13F /* SetNewPWDViewController.m in Sources */ = {isa = PBXBuildFile; fileRef = 9342EE9E1B1F1F95000BF13F /* SetNewPWDViewController.m */; };
		935C4FB41B281132004F292B /* WalletCell.m in Sources */ = {isa = PBXBuildFile; fileRef = 935C4FB31B281132004F292B /* WalletCell.m */; };
		935C4FB71B281A06004F292B /* NopayViewController.m in Sources */ = {isa = PBXBuildFile; fileRef = 935C4FB61B281A06004F292B /* NopayViewController.m */; };
		935C4FBA1B282ED5004F292B /* AvaliblePayModel.m in Sources */ = {isa = PBXBuildFile; fileRef = 935C4FB91B282ED5004F292B /* AvaliblePayModel.m */; };
		9384DDE41B26C13D001D539F /* MyWalletViewController.m in Sources */ = {isa = PBXBuildFile; fileRef = 9384DDE31B26C13D001D539F /* MyWalletViewController.m */; };
		9386339D1B4110F50092F05E /* AddCollectionViewCell.m in Sources */ = {isa = PBXBuildFile; fileRef = 9386339C1B4110F50092F05E /* AddCollectionViewCell.m */; };
		938633A01B4116D50092F05E /* ImageCollectionViewCell.m in Sources */ = {isa = PBXBuildFile; fileRef = 9386339F1B4116D50092F05E /* ImageCollectionViewCell.m */; };
		938E24F91B292BEA003B7EC5 /* NoPayModel.m in Sources */ = {isa = PBXBuildFile; fileRef = 938E24F81B292BEA003B7EC5 /* NoPayModel.m */; };
		938E24FC1B29342E003B7EC5 /* NoPayDetailViewController.m in Sources */ = {isa = PBXBuildFile; fileRef = 938E24FB1B29342E003B7EC5 /* NoPayDetailViewController.m */; };
		938E24FF1B29347E003B7EC5 /* NoPayDetailCell.m in Sources */ = {isa = PBXBuildFile; fileRef = 938E24FE1B29347E003B7EC5 /* NoPayDetailCell.m */; };
		938E25021B295009003B7EC5 /* NoPayDetailModel.m in Sources */ = {isa = PBXBuildFile; fileRef = 938E25011B295009003B7EC5 /* NoPayDetailModel.m */; };
		938E25371B2978FE003B7EC5 /* SureCashViewController.m in Sources */ = {isa = PBXBuildFile; fileRef = 938E25361B2978FE003B7EC5 /* SureCashViewController.m */; };
		938E253A1B29B00A003B7EC5 /* BankInfoViewController.m in Sources */ = {isa = PBXBuildFile; fileRef = 938E25391B29B00A003B7EC5 /* BankInfoViewController.m */; };
		938E97581B1FF8190050FE4D /* FindPwdViewController.m in Sources */ = {isa = PBXBuildFile; fileRef = 938E97571B1FF8190050FE4D /* FindPwdViewController.m */; };
		938E975B1B2027420050FE4D /* RegularNumber.m in Sources */ = {isa = PBXBuildFile; fileRef = 938E975A1B2027420050FE4D /* RegularNumber.m */; };
		938E975E1B207FF70050FE4D /* CoreLocation.framework in Frameworks */ = {isa = PBXBuildFile; fileRef = 938E975D1B207FF70050FE4D /* CoreLocation.framework */; };
		938EDE0D1B3E535400A0D201 /* ShipTeamModel.m in Sources */ = {isa = PBXBuildFile; fileRef = 938EDE0C1B3E535400A0D201 /* ShipTeamModel.m */; };
		938EDE101B3E83AB00A0D201 /* ShipInfoCell1.m in Sources */ = {isa = PBXBuildFile; fileRef = 938EDE0F1B3E83AB00A0D201 /* ShipInfoCell1.m */; };
		9396213F1B18563A00CB730B /* MainViewController.m in Sources */ = {isa = PBXBuildFile; fileRef = 9396213E1B18563A00CB730B /* MainViewController.m */; };
		939621421B18567D00CB730B /* TaskViewController.m in Sources */ = {isa = PBXBuildFile; fileRef = 939621411B18567D00CB730B /* TaskViewController.m */; };
		939621451B1856A400CB730B /* MyTaskViewController.m in Sources */ = {isa = PBXBuildFile; fileRef = 939621441B1856A400CB730B /* MyTaskViewController.m */; };
		939621491B18612F00CB730B /* NetworkRequest.m in Sources */ = {isa = PBXBuildFile; fileRef = 939621481B18612F00CB730B /* NetworkRequest.m */; };
		9396214C1B18615100CB730B /* EncryptHelper.m in Sources */ = {isa = PBXBuildFile; fileRef = 9396214B1B18615100CB730B /* EncryptHelper.m */; };
		9396214F1B18637D00CB730B /* NetWorkInterface.m in Sources */ = {isa = PBXBuildFile; fileRef = 9396214E1B18637D00CB730B /* NetWorkInterface.m */; };
		939621531B186D0300CB730B /* MBProgressHUD.m in Sources */ = {isa = PBXBuildFile; fileRef = 939621521B186D0300CB730B /* MBProgressHUD.m */; };
		93A6588A1B4E736D005AADA9 /* MultipleDeleteCell.m in Sources */ = {isa = PBXBuildFile; fileRef = 93A658891B4E736D005AADA9 /* MultipleDeleteCell.m */; };
		93A658941B4E77AE005AADA9 /* MessageViewController.m in Sources */ = {isa = PBXBuildFile; fileRef = 93A658931B4E77AE005AADA9 /* MessageViewController.m */; };
		93B84E291B1ED21200EF2DB4 /* MytaskModel.m in Sources */ = {isa = PBXBuildFile; fileRef = 93B84E281B1ED21200EF2DB4 /* MytaskModel.m */; };
		93B84E2F1B1EE34C00EF2DB4 /* ShipRelation.m in Sources */ = {isa = PBXBuildFile; fileRef = 93B84E2E1B1EE34C00EF2DB4 /* ShipRelation.m */; };
		93B84E321B1EE37000EF2DB4 /* BusinessOrders.m in Sources */ = {isa = PBXBuildFile; fileRef = 93B84E311B1EE37000EF2DB4 /* BusinessOrders.m */; };
		93C123931B38F90A002BB29C /* MoneyNumModel.m in Sources */ = {isa = PBXBuildFile; fileRef = 93C123921B38F90A002BB29C /* MoneyNumModel.m */; };
		93C123961B391B5F002BB29C /* BanksListViewController.m in Sources */ = {isa = PBXBuildFile; fileRef = 93C123951B391B5F002BB29C /* BanksListViewController.m */; };
		93C123991B3920F3002BB29C /* BanksModel.m in Sources */ = {isa = PBXBuildFile; fileRef = 93C123981B3920F3002BB29C /* BanksModel.m */; };
		93C1239C1B3933A7002BB29C /* CityModel.m in Sources */ = {isa = PBXBuildFile; fileRef = 93C1239B1B3933A7002BB29C /* CityModel.m */; };
		93C1239E1B39539D002BB29C /* city.js in Resources */ = {isa = PBXBuildFile; fileRef = 93C1239D1B39539D002BB29C /* city.js */; };
		93C123A11B3954DE002BB29C /* CityHandle.m in Sources */ = {isa = PBXBuildFile; fileRef = 93C123A01B3954DE002BB29C /* CityHandle.m */; };
		93C4CA301B4CB7DE00FE23DE /* MyShipViewController.m in Sources */ = {isa = PBXBuildFile; fileRef = 93C4CA2F1B4CB7DE00FE23DE /* MyShipViewController.m */; };
		93C4CA3B1B4CC15200FE23DE /* MMDrawerBarButtonItem.m in Sources */ = {isa = PBXBuildFile; fileRef = 93C4CA331B4CC15200FE23DE /* MMDrawerBarButtonItem.m */; };
		93C4CA3C1B4CC15200FE23DE /* MMDrawerController.m in Sources */ = {isa = PBXBuildFile; fileRef = 93C4CA361B4CC15200FE23DE /* MMDrawerController.m */; };
		93C4CA3D1B4CC15200FE23DE /* MMDrawerVisualState.m in Sources */ = {isa = PBXBuildFile; fileRef = 93C4CA381B4CC15200FE23DE /* MMDrawerVisualState.m */; };
		93C4CA3E1B4CC15200FE23DE /* UIViewController+MMDrawerController.m in Sources */ = {isa = PBXBuildFile; fileRef = 93C4CA3A1B4CC15200FE23DE /* UIViewController+MMDrawerController.m */; };
		93C4CA411B4CC4DC00FE23DE /* RightViewController.m in Sources */ = {isa = PBXBuildFile; fileRef = 93C4CA401B4CC4DC00FE23DE /* RightViewController.m */; };
		93C4CA441B4CE27600FE23DE /* LocationButton.m in Sources */ = {isa = PBXBuildFile; fileRef = 93C4CA431B4CE27600FE23DE /* LocationButton.m */; };
		93C4CA471B4CEBB500FE23DE /* SelectPortViewController.m in Sources */ = {isa = PBXBuildFile; fileRef = 93C4CA461B4CEBB500FE23DE /* SelectPortViewController.m */; };
		93C4CA4A1B4CF4FC00FE23DE /* PortListViewController.m in Sources */ = {isa = PBXBuildFile; fileRef = 93C4CA491B4CF4FC00FE23DE /* PortListViewController.m */; };
		93C4CA4D1B4D14F000FE23DE /* ShipInfoViewController.m in Sources */ = {isa = PBXBuildFile; fileRef = 93C4CA4C1B4D14F000FE23DE /* ShipInfoViewController.m */; };
		93C89A721B1D3FD9008DF209 /* CommonViewController.m in Sources */ = {isa = PBXBuildFile; fileRef = 93C89A711B1D3FD9008DF209 /* CommonViewController.m */; };
		93C89A761B1D895D008DF209 /* PortModel.m in Sources */ = {isa = PBXBuildFile; fileRef = 93C89A751B1D895D008DF209 /* PortModel.m */; };
		93C89A791B1D9708008DF209 /* OrdersModel.m in Sources */ = {isa = PBXBuildFile; fileRef = 93C89A781B1D9708008DF209 /* OrdersModel.m */; };
		93C89A7F1B1DAC47008DF209 /* CircleView.m in Sources */ = {isa = PBXBuildFile; fileRef = 93C89A7C1B1DAC47008DF209 /* CircleView.m */; };
		93C89A801B1DAC47008DF209 /* RefreshView.m in Sources */ = {isa = PBXBuildFile; fileRef = 93C89A7E1B1DAC47008DF209 /* RefreshView.m */; };
		93CDA07C1B15B6750008DCC0 /* main.m in Sources */ = {isa = PBXBuildFile; fileRef = 93CDA07B1B15B6750008DCC0 /* main.m */; };
		93CDA07F1B15B6750008DCC0 /* AppDelegate.m in Sources */ = {isa = PBXBuildFile; fileRef = 93CDA07E1B15B6750008DCC0 /* AppDelegate.m */; };
		93CDA0821B15B6750008DCC0 /* RootViewController.m in Sources */ = {isa = PBXBuildFile; fileRef = 93CDA0811B15B6750008DCC0 /* RootViewController.m */; };
		93CDA0871B15B6750008DCC0 /* Images.xcassets in Resources */ = {isa = PBXBuildFile; fileRef = 93CDA0861B15B6750008DCC0 /* Images.xcassets */; };
		93CDA0961B15B6750008DCC0 /* GoodMoreTests.m in Sources */ = {isa = PBXBuildFile; fileRef = 93CDA0951B15B6750008DCC0 /* GoodMoreTests.m */; };
		93CDA0A21B15B8C80008DCC0 /* LoginViewController.m in Sources */ = {isa = PBXBuildFile; fileRef = 93CDA0A11B15B8C80008DCC0 /* LoginViewController.m */; };
		93CDA0A51B15B9200008DCC0 /* RegisterViewController.m in Sources */ = {isa = PBXBuildFile; fileRef = 93CDA0A41B15B9200008DCC0 /* RegisterViewController.m */; };
		93CDA0AC1B15BBF20008DCC0 /* NavigationBar.m in Sources */ = {isa = PBXBuildFile; fileRef = 93CDA0AB1B15BBF20008DCC0 /* NavigationBar.m */; };
		93E6EC6B1B4BE5D90082E990 /* CommonCell.m in Sources */ = {isa = PBXBuildFile; fileRef = 93E6EC6A1B4BE5D90082E990 /* CommonCell.m */; };
		93E6EC6F1B4BEDEA0082E990 /* TransportingViewController.m in Sources */ = {isa = PBXBuildFile; fileRef = 93E6EC6E1B4BEDEA0082E990 /* TransportingViewController.m */; };
		93E6EC721B4BEF6B0082E990 /* MYInfoView.m in Sources */ = {isa = PBXBuildFile; fileRef = 93E6EC711B4BEF6B0082E990 /* MYInfoView.m */; };
		93F08AE71B4F5E1600473237 /* MessageModel.m in Sources */ = {isa = PBXBuildFile; fileRef = 93F08AE61B4F5E1600473237 /* MessageModel.m */; };
		93F08AEA1B4F61D200473237 /* MessageDetailViewController.m in Sources */ = {isa = PBXBuildFile; fileRef = 93F08AE91B4F61D200473237 /* MessageDetailViewController.m */; };
		93F08AEE1B4FEF8D00473237 /* MZTimerLabel.m in Sources */ = {isa = PBXBuildFile; fileRef = 93F08AED1B4FEF8D00473237 /* MZTimerLabel.m */; };
		93F673821B1C1E5900A4E34E /* TaskCell.m in Sources */ = {isa = PBXBuildFile; fileRef = 93F673811B1C1E5900A4E34E /* TaskCell.m */; };
		93F673851B1C6D3D00A4E34E /* TaskDetailViewController.m in Sources */ = {isa = PBXBuildFile; fileRef = 93F673841B1C6D3D00A4E34E /* TaskDetailViewController.m */; };
/* End PBXBuildFile section */

/* Begin PBXContainerItemProxy section */
		93CDA0901B15B6750008DCC0 /* PBXContainerItemProxy */ = {
			isa = PBXContainerItemProxy;
			containerPortal = 93CDA06E1B15B6750008DCC0 /* Project object */;
			proxyType = 1;
			remoteGlobalIDString = 93CDA0751B15B6750008DCC0;
			remoteInfo = GoodMore;
		};
/* End PBXContainerItemProxy section */

/* Begin PBXFileReference section */
		0ECD2EC81B4E408000C65456 /* TransportingModel.h */ = {isa = PBXFileReference; fileEncoding = 4; lastKnownFileType = sourcecode.c.h; path = TransportingModel.h; sourceTree = "<group>"; };
		0ECD2EC91B4E408000C65456 /* TransportingModel.m */ = {isa = PBXFileReference; fileEncoding = 4; lastKnownFileType = sourcecode.c.objc; path = TransportingModel.m; sourceTree = "<group>"; };
		0ECD465F1B4D0109002BA802 /* TransportingTableViewCell.h */ = {isa = PBXFileReference; fileEncoding = 4; lastKnownFileType = sourcecode.c.h; path = TransportingTableViewCell.h; sourceTree = "<group>"; };
		0ECD46601B4D0109002BA802 /* TransportingTableViewCell.m */ = {isa = PBXFileReference; fileEncoding = 4; lastKnownFileType = sourcecode.c.objc; path = TransportingTableViewCell.m; sourceTree = "<group>"; };
		0ECD46621B4D3B4A002BA802 /* LoadGoodsViewController2.h */ = {isa = PBXFileReference; fileEncoding = 4; lastKnownFileType = sourcecode.c.h; path = LoadGoodsViewController2.h; sourceTree = "<group>"; };
		0ECD46631B4D3B4A002BA802 /* LoadGoodsViewController2.m */ = {isa = PBXFileReference; fileEncoding = 4; lastKnownFileType = sourcecode.c.objc; path = LoadGoodsViewController2.m; sourceTree = "<group>"; };
		1A0769AF1B4D5B1B00704269 /* HistoryDetailCell.h */ = {isa = PBXFileReference; fileEncoding = 4; lastKnownFileType = sourcecode.c.h; path = HistoryDetailCell.h; sourceTree = "<group>"; };
		1A0769B01B4D5B1B00704269 /* HistoryDetailCell.m */ = {isa = PBXFileReference; fileEncoding = 4; lastKnownFileType = sourcecode.c.objc; path = HistoryDetailCell.m; sourceTree = "<group>"; };
		1A2B6FF21B4CED3C002FFD96 /* PrefixHeader.pch */ = {isa = PBXFileReference; lastKnownFileType = sourcecode.c.h; path = PrefixHeader.pch; sourceTree = "<group>"; };
		1A2B6FF41B4CF0B8002FFD96 /* TopButton.h */ = {isa = PBXFileReference; fileEncoding = 4; lastKnownFileType = sourcecode.c.h; path = TopButton.h; sourceTree = "<group>"; };
		1A2B6FF51B4CF0B8002FFD96 /* TopButton.m */ = {isa = PBXFileReference; fileEncoding = 4; lastKnownFileType = sourcecode.c.objc; path = TopButton.m; sourceTree = "<group>"; };
		1A2B6FF71B4D0441002FFD96 /* LogisticsCell.h */ = {isa = PBXFileReference; fileEncoding = 4; lastKnownFileType = sourcecode.c.h; path = LogisticsCell.h; sourceTree = "<group>"; };
		1A2B6FF81B4D0441002FFD96 /* LogisticsCell.m */ = {isa = PBXFileReference; fileEncoding = 4; lastKnownFileType = sourcecode.c.objc; path = LogisticsCell.m; sourceTree = "<group>"; };
		1A2B6FFA1B4D2314002FFD96 /* ShipDetailCell.h */ = {isa = PBXFileReference; fileEncoding = 4; lastKnownFileType = sourcecode.c.h; path = ShipDetailCell.h; sourceTree = "<group>"; };
		1A2B6FFB1B4D2314002FFD96 /* ShipDetailCell.m */ = {isa = PBXFileReference; fileEncoding = 4; lastKnownFileType = sourcecode.c.objc; path = ShipDetailCell.m; sourceTree = "<group>"; };
		1A2B6FFD1B4D3C29002FFD96 /* HistoryController.h */ = {isa = PBXFileReference; fileEncoding = 4; lastKnownFileType = sourcecode.c.h; path = HistoryController.h; sourceTree = "<group>"; };
		1A2B6FFE1B4D3C29002FFD96 /* HistoryController.m */ = {isa = PBXFileReference; fileEncoding = 4; lastKnownFileType = sourcecode.c.objc; path = HistoryController.m; sourceTree = "<group>"; };
		1A2B70001B4D4253002FFD96 /* ShipHistoryCell.h */ = {isa = PBXFileReference; fileEncoding = 4; lastKnownFileType = sourcecode.c.h; path = ShipHistoryCell.h; sourceTree = "<group>"; };
		1A2B70011B4D4253002FFD96 /* ShipHistoryCell.m */ = {isa = PBXFileReference; fileEncoding = 4; lastKnownFileType = sourcecode.c.objc; path = ShipHistoryCell.m; sourceTree = "<group>"; };
		1A2B70031B4D4C12002FFD96 /* HistoryDetailController.h */ = {isa = PBXFileReference; fileEncoding = 4; lastKnownFileType = sourcecode.c.h; path = HistoryDetailController.h; sourceTree = "<group>"; };
		1A2B70041B4D4C12002FFD96 /* HistoryDetailController.m */ = {isa = PBXFileReference; fileEncoding = 4; lastKnownFileType = sourcecode.c.objc; path = HistoryDetailController.m; sourceTree = "<group>"; };
		1A8804FC1B50FDFD007B44BE /* LogistCellTwo.h */ = {isa = PBXFileReference; fileEncoding = 4; lastKnownFileType = sourcecode.c.h; path = LogistCellTwo.h; sourceTree = "<group>"; };
		1A8804FD1B50FDFD007B44BE /* LogistCellTwo.m */ = {isa = PBXFileReference; fileEncoding = 4; lastKnownFileType = sourcecode.c.objc; path = LogistCellTwo.m; sourceTree = "<group>"; };
		1A8838891B4E4A7E003BEB43 /* ShipOrder.h */ = {isa = PBXFileReference; fileEncoding = 4; lastKnownFileType = sourcecode.c.h; path = ShipOrder.h; sourceTree = "<group>"; };
		1A88388A1B4E4A7E003BEB43 /* ShipOrder.m */ = {isa = PBXFileReference; fileEncoding = 4; lastKnownFileType = sourcecode.c.objc; path = ShipOrder.m; sourceTree = "<group>"; };
		1A88388F1B4E54AA003BEB43 /* JoinShipController.h */ = {isa = PBXFileReference; fileEncoding = 4; lastKnownFileType = sourcecode.c.h; path = JoinShipController.h; sourceTree = "<group>"; };
		1A8838901B4E54AA003BEB43 /* JoinShipController.m */ = {isa = PBXFileReference; fileEncoding = 4; lastKnownFileType = sourcecode.c.objc; path = JoinShipController.m; sourceTree = "<group>"; };
		1A8838921B4E6F30003BEB43 /* ShipTeam.h */ = {isa = PBXFileReference; fileEncoding = 4; lastKnownFileType = sourcecode.c.h; path = ShipTeam.h; sourceTree = "<group>"; };
		1A8838931B4E6F30003BEB43 /* ShipTeam.m */ = {isa = PBXFileReference; fileEncoding = 4; lastKnownFileType = sourcecode.c.objc; path = ShipTeam.m; sourceTree = "<group>"; };
		1A8838951B4E6F9F003BEB43 /* ShipInTeam.h */ = {isa = PBXFileReference; fileEncoding = 4; lastKnownFileType = sourcecode.c.h; path = ShipInTeam.h; sourceTree = "<group>"; };
		1A8838961B4E6F9F003BEB43 /* ShipInTeam.m */ = {isa = PBXFileReference; fileEncoding = 4; lastKnownFileType = sourcecode.c.objc; path = ShipInTeam.m; sourceTree = "<group>"; };
		1A8838981B4E7038003BEB43 /* MyShipModel.h */ = {isa = PBXFileReference; fileEncoding = 4; lastKnownFileType = sourcecode.c.h; path = MyShipModel.h; sourceTree = "<group>"; };
		1A8838991B4E7038003BEB43 /* MyShipModel.m */ = {isa = PBXFileReference; fileEncoding = 4; lastKnownFileType = sourcecode.c.objc; path = MyShipModel.m; sourceTree = "<group>"; };
		1A883C7D1B4FBAB100AC858A /* PayForShipController.h */ = {isa = PBXFileReference; fileEncoding = 4; lastKnownFileType = sourcecode.c.h; path = PayForShipController.h; sourceTree = "<group>"; };
		1A883C7E1B4FBAB100AC858A /* PayForShipController.m */ = {isa = PBXFileReference; fileEncoding = 4; lastKnownFileType = sourcecode.c.objc; path = PayForShipController.m; sourceTree = "<group>"; };
		1A883C801B4FD8B500AC858A /* PayNumberCell.h */ = {isa = PBXFileReference; fileEncoding = 4; lastKnownFileType = sourcecode.c.h; path = PayNumberCell.h; sourceTree = "<group>"; };
		1A883C811B4FD8B500AC858A /* PayNumberCell.m */ = {isa = PBXFileReference; fileEncoding = 4; lastKnownFileType = sourcecode.c.objc; path = PayNumberCell.m; sourceTree = "<group>"; };
		9302B5961B3AA6CE00596A80 /* MYView.h */ = {isa = PBXFileReference; fileEncoding = 4; lastKnownFileType = sourcecode.c.h; path = MYView.h; sourceTree = "<group>"; };
		9302B5971B3AA6CE00596A80 /* MYView.m */ = {isa = PBXFileReference; fileEncoding = 4; lastKnownFileType = sourcecode.c.objc; path = MYView.m; sourceTree = "<group>"; };
		9302B5991B3AC2F300596A80 /* GoodsTransDetailViewController.h */ = {isa = PBXFileReference; fileEncoding = 4; lastKnownFileType = sourcecode.c.h; path = GoodsTransDetailViewController.h; sourceTree = "<group>"; };
		9302B59A1B3AC2F300596A80 /* GoodsTransDetailViewController.m */ = {isa = PBXFileReference; fileEncoding = 4; lastKnownFileType = sourcecode.c.objc; path = GoodsTransDetailViewController.m; sourceTree = "<group>"; };
		9302B59C1B3AE1BE00596A80 /* ShipInfoCell.h */ = {isa = PBXFileReference; fileEncoding = 4; lastKnownFileType = sourcecode.c.h; path = ShipInfoCell.h; sourceTree = "<group>"; };
		9302B59D1B3AE1BE00596A80 /* ShipInfoCell.m */ = {isa = PBXFileReference; fileEncoding = 4; lastKnownFileType = sourcecode.c.objc; path = ShipInfoCell.m; sourceTree = "<group>"; };
		931EFD021B4284930045752C /* WebViewViewController.h */ = {isa = PBXFileReference; fileEncoding = 4; lastKnownFileType = sourcecode.c.h; path = WebViewViewController.h; sourceTree = "<group>"; };
		931EFD031B4284930045752C /* WebViewViewController.m */ = {isa = PBXFileReference; fileEncoding = 4; lastKnownFileType = sourcecode.c.objc; path = WebViewViewController.m; sourceTree = "<group>"; };
		933514281B3B9AD60059611B /* PayFreightViewController.h */ = {isa = PBXFileReference; fileEncoding = 4; lastKnownFileType = sourcecode.c.h; path = PayFreightViewController.h; sourceTree = "<group>"; };
		933514291B3B9AD60059611B /* PayFreightViewController.m */ = {isa = PBXFileReference; fileEncoding = 4; lastKnownFileType = sourcecode.c.objc; path = PayFreightViewController.m; sourceTree = "<group>"; };
		9335142B1B3C09CA0059611B /* RegresultViewController.h */ = {isa = PBXFileReference; fileEncoding = 4; lastKnownFileType = sourcecode.c.h; path = RegresultViewController.h; sourceTree = "<group>"; };
		9335142C1B3C09CA0059611B /* RegresultViewController.m */ = {isa = PBXFileReference; fileEncoding = 4; lastKnownFileType = sourcecode.c.objc; path = RegresultViewController.m; sourceTree = "<group>"; };
		9335142E1B3C1FD70059611B /* LoadGoodsViewController.h */ = {isa = PBXFileReference; fileEncoding = 4; lastKnownFileType = sourcecode.c.h; name = LoadGoodsViewController.h; path = ../LoadGoodsViewController.h; sourceTree = "<group>"; };
		9335142F1B3C1FD70059611B /* LoadGoodsViewController.m */ = {isa = PBXFileReference; fileEncoding = 4; lastKnownFileType = sourcecode.c.objc; name = LoadGoodsViewController.m; path = ../LoadGoodsViewController.m; sourceTree = "<group>"; };
		933514311B3D826F0059611B /* ShipTeamDetailViewController.h */ = {isa = PBXFileReference; fileEncoding = 4; lastKnownFileType = sourcecode.c.h; path = ShipTeamDetailViewController.h; sourceTree = "<group>"; };
		933514321B3D826F0059611B /* ShipTeamDetailViewController.m */ = {isa = PBXFileReference; fileEncoding = 4; lastKnownFileType = sourcecode.c.objc; path = ShipTeamDetailViewController.m; sourceTree = "<group>"; };
		933514341B3D8BB40059611B /* ShipListModel.h */ = {isa = PBXFileReference; fileEncoding = 4; lastKnownFileType = sourcecode.c.h; path = ShipListModel.h; sourceTree = "<group>"; };
		933514351B3D8BB40059611B /* ShipListModel.m */ = {isa = PBXFileReference; fileEncoding = 4; lastKnownFileType = sourcecode.c.objc; path = ShipListModel.m; sourceTree = "<group>"; };
		9342EE9A1B1F0F43000BF13F /* SettingViewController.h */ = {isa = PBXFileReference; fileEncoding = 4; lastKnownFileType = sourcecode.c.h; path = SettingViewController.h; sourceTree = "<group>"; };
		9342EE9B1B1F0F43000BF13F /* SettingViewController.m */ = {isa = PBXFileReference; fileEncoding = 4; lastKnownFileType = sourcecode.c.objc; path = SettingViewController.m; sourceTree = "<group>"; };
		9342EE9D1B1F1F95000BF13F /* SetNewPWDViewController.h */ = {isa = PBXFileReference; fileEncoding = 4; lastKnownFileType = sourcecode.c.h; path = SetNewPWDViewController.h; sourceTree = "<group>"; };
		9342EE9E1B1F1F95000BF13F /* SetNewPWDViewController.m */ = {isa = PBXFileReference; fileEncoding = 4; lastKnownFileType = sourcecode.c.objc; path = SetNewPWDViewController.m; sourceTree = "<group>"; };
		935C4FB21B281132004F292B /* WalletCell.h */ = {isa = PBXFileReference; fileEncoding = 4; lastKnownFileType = sourcecode.c.h; path = WalletCell.h; sourceTree = "<group>"; };
		935C4FB31B281132004F292B /* WalletCell.m */ = {isa = PBXFileReference; fileEncoding = 4; lastKnownFileType = sourcecode.c.objc; path = WalletCell.m; sourceTree = "<group>"; };
		935C4FB51B281A06004F292B /* NopayViewController.h */ = {isa = PBXFileReference; fileEncoding = 4; lastKnownFileType = sourcecode.c.h; path = NopayViewController.h; sourceTree = "<group>"; };
		935C4FB61B281A06004F292B /* NopayViewController.m */ = {isa = PBXFileReference; fileEncoding = 4; lastKnownFileType = sourcecode.c.objc; path = NopayViewController.m; sourceTree = "<group>"; };
		935C4FB81B282ED5004F292B /* AvaliblePayModel.h */ = {isa = PBXFileReference; fileEncoding = 4; lastKnownFileType = sourcecode.c.h; path = AvaliblePayModel.h; sourceTree = "<group>"; };
		935C4FB91B282ED5004F292B /* AvaliblePayModel.m */ = {isa = PBXFileReference; fileEncoding = 4; lastKnownFileType = sourcecode.c.objc; path = AvaliblePayModel.m; sourceTree = "<group>"; };
		9384DDE21B26C13D001D539F /* MyWalletViewController.h */ = {isa = PBXFileReference; fileEncoding = 4; lastKnownFileType = sourcecode.c.h; path = MyWalletViewController.h; sourceTree = "<group>"; };
		9384DDE31B26C13D001D539F /* MyWalletViewController.m */ = {isa = PBXFileReference; fileEncoding = 4; lastKnownFileType = sourcecode.c.objc; path = MyWalletViewController.m; sourceTree = "<group>"; };
		9386339B1B4110F50092F05E /* AddCollectionViewCell.h */ = {isa = PBXFileReference; fileEncoding = 4; lastKnownFileType = sourcecode.c.h; path = AddCollectionViewCell.h; sourceTree = "<group>"; };
		9386339C1B4110F50092F05E /* AddCollectionViewCell.m */ = {isa = PBXFileReference; fileEncoding = 4; lastKnownFileType = sourcecode.c.objc; path = AddCollectionViewCell.m; sourceTree = "<group>"; };
		9386339E1B4116D50092F05E /* ImageCollectionViewCell.h */ = {isa = PBXFileReference; fileEncoding = 4; lastKnownFileType = sourcecode.c.h; path = ImageCollectionViewCell.h; sourceTree = "<group>"; };
		9386339F1B4116D50092F05E /* ImageCollectionViewCell.m */ = {isa = PBXFileReference; fileEncoding = 4; lastKnownFileType = sourcecode.c.objc; path = ImageCollectionViewCell.m; sourceTree = "<group>"; };
		938E24F71B292BEA003B7EC5 /* NoPayModel.h */ = {isa = PBXFileReference; fileEncoding = 4; lastKnownFileType = sourcecode.c.h; path = NoPayModel.h; sourceTree = "<group>"; };
		938E24F81B292BEA003B7EC5 /* NoPayModel.m */ = {isa = PBXFileReference; fileEncoding = 4; lastKnownFileType = sourcecode.c.objc; path = NoPayModel.m; sourceTree = "<group>"; };
		938E24FA1B29342E003B7EC5 /* NoPayDetailViewController.h */ = {isa = PBXFileReference; fileEncoding = 4; lastKnownFileType = sourcecode.c.h; path = NoPayDetailViewController.h; sourceTree = "<group>"; };
		938E24FB1B29342E003B7EC5 /* NoPayDetailViewController.m */ = {isa = PBXFileReference; fileEncoding = 4; lastKnownFileType = sourcecode.c.objc; path = NoPayDetailViewController.m; sourceTree = "<group>"; };
		938E24FD1B29347E003B7EC5 /* NoPayDetailCell.h */ = {isa = PBXFileReference; fileEncoding = 4; lastKnownFileType = sourcecode.c.h; path = NoPayDetailCell.h; sourceTree = "<group>"; };
		938E24FE1B29347E003B7EC5 /* NoPayDetailCell.m */ = {isa = PBXFileReference; fileEncoding = 4; lastKnownFileType = sourcecode.c.objc; path = NoPayDetailCell.m; sourceTree = "<group>"; };
		938E25001B295009003B7EC5 /* NoPayDetailModel.h */ = {isa = PBXFileReference; fileEncoding = 4; lastKnownFileType = sourcecode.c.h; path = NoPayDetailModel.h; sourceTree = "<group>"; };
		938E25011B295009003B7EC5 /* NoPayDetailModel.m */ = {isa = PBXFileReference; fileEncoding = 4; lastKnownFileType = sourcecode.c.objc; path = NoPayDetailModel.m; sourceTree = "<group>"; };
		938E25351B2978FE003B7EC5 /* SureCashViewController.h */ = {isa = PBXFileReference; fileEncoding = 4; lastKnownFileType = sourcecode.c.h; path = SureCashViewController.h; sourceTree = "<group>"; };
		938E25361B2978FE003B7EC5 /* SureCashViewController.m */ = {isa = PBXFileReference; fileEncoding = 4; lastKnownFileType = sourcecode.c.objc; path = SureCashViewController.m; sourceTree = "<group>"; };
		938E25381B29B00A003B7EC5 /* BankInfoViewController.h */ = {isa = PBXFileReference; fileEncoding = 4; lastKnownFileType = sourcecode.c.h; path = BankInfoViewController.h; sourceTree = "<group>"; };
		938E25391B29B00A003B7EC5 /* BankInfoViewController.m */ = {isa = PBXFileReference; fileEncoding = 4; lastKnownFileType = sourcecode.c.objc; path = BankInfoViewController.m; sourceTree = "<group>"; };
		938E97561B1FF8190050FE4D /* FindPwdViewController.h */ = {isa = PBXFileReference; fileEncoding = 4; lastKnownFileType = sourcecode.c.h; path = FindPwdViewController.h; sourceTree = "<group>"; };
		938E97571B1FF8190050FE4D /* FindPwdViewController.m */ = {isa = PBXFileReference; fileEncoding = 4; lastKnownFileType = sourcecode.c.objc; path = FindPwdViewController.m; sourceTree = "<group>"; };
		938E97591B2027420050FE4D /* RegularNumber.h */ = {isa = PBXFileReference; fileEncoding = 4; lastKnownFileType = sourcecode.c.h; path = RegularNumber.h; sourceTree = "<group>"; };
		938E975A1B2027420050FE4D /* RegularNumber.m */ = {isa = PBXFileReference; fileEncoding = 4; lastKnownFileType = sourcecode.c.objc; path = RegularNumber.m; sourceTree = "<group>"; };
		938E975D1B207FF70050FE4D /* CoreLocation.framework */ = {isa = PBXFileReference; lastKnownFileType = wrapper.framework; name = CoreLocation.framework; path = System/Library/Frameworks/CoreLocation.framework; sourceTree = SDKROOT; };
		938EDE0B1B3E535400A0D201 /* ShipTeamModel.h */ = {isa = PBXFileReference; fileEncoding = 4; lastKnownFileType = sourcecode.c.h; path = ShipTeamModel.h; sourceTree = "<group>"; };
		938EDE0C1B3E535400A0D201 /* ShipTeamModel.m */ = {isa = PBXFileReference; fileEncoding = 4; lastKnownFileType = sourcecode.c.objc; path = ShipTeamModel.m; sourceTree = "<group>"; };
		938EDE0E1B3E83AB00A0D201 /* ShipInfoCell1.h */ = {isa = PBXFileReference; fileEncoding = 4; lastKnownFileType = sourcecode.c.h; path = ShipInfoCell1.h; sourceTree = "<group>"; };
		938EDE0F1B3E83AB00A0D201 /* ShipInfoCell1.m */ = {isa = PBXFileReference; fileEncoding = 4; lastKnownFileType = sourcecode.c.objc; path = ShipInfoCell1.m; sourceTree = "<group>"; };
		9396213D1B18563A00CB730B /* MainViewController.h */ = {isa = PBXFileReference; fileEncoding = 4; lastKnownFileType = sourcecode.c.h; path = MainViewController.h; sourceTree = "<group>"; };
		9396213E1B18563A00CB730B /* MainViewController.m */ = {isa = PBXFileReference; fileEncoding = 4; lastKnownFileType = sourcecode.c.objc; path = MainViewController.m; sourceTree = "<group>"; };
		939621401B18567D00CB730B /* TaskViewController.h */ = {isa = PBXFileReference; fileEncoding = 4; lastKnownFileType = sourcecode.c.h; path = TaskViewController.h; sourceTree = "<group>"; };
		939621411B18567D00CB730B /* TaskViewController.m */ = {isa = PBXFileReference; fileEncoding = 4; lastKnownFileType = sourcecode.c.objc; path = TaskViewController.m; sourceTree = "<group>"; };
		939621431B1856A400CB730B /* MyTaskViewController.h */ = {isa = PBXFileReference; fileEncoding = 4; lastKnownFileType = sourcecode.c.h; path = MyTaskViewController.h; sourceTree = "<group>"; };
		939621441B1856A400CB730B /* MyTaskViewController.m */ = {isa = PBXFileReference; fileEncoding = 4; lastKnownFileType = sourcecode.c.objc; path = MyTaskViewController.m; sourceTree = "<group>"; };
		939621471B18612F00CB730B /* NetworkRequest.h */ = {isa = PBXFileReference; fileEncoding = 4; lastKnownFileType = sourcecode.c.h; path = NetworkRequest.h; sourceTree = "<group>"; };
		939621481B18612F00CB730B /* NetworkRequest.m */ = {isa = PBXFileReference; fileEncoding = 4; lastKnownFileType = sourcecode.c.objc; path = NetworkRequest.m; sourceTree = "<group>"; };
		9396214A1B18615100CB730B /* EncryptHelper.h */ = {isa = PBXFileReference; fileEncoding = 4; lastKnownFileType = sourcecode.c.h; path = EncryptHelper.h; sourceTree = "<group>"; };
		9396214B1B18615100CB730B /* EncryptHelper.m */ = {isa = PBXFileReference; fileEncoding = 4; lastKnownFileType = sourcecode.c.objc; path = EncryptHelper.m; sourceTree = "<group>"; };
		9396214D1B18637D00CB730B /* NetWorkInterface.h */ = {isa = PBXFileReference; fileEncoding = 4; lastKnownFileType = sourcecode.c.h; path = NetWorkInterface.h; sourceTree = "<group>"; };
		9396214E1B18637D00CB730B /* NetWorkInterface.m */ = {isa = PBXFileReference; fileEncoding = 4; lastKnownFileType = sourcecode.c.objc; path = NetWorkInterface.m; sourceTree = "<group>"; };
		939621511B186D0300CB730B /* MBProgressHUD.h */ = {isa = PBXFileReference; fileEncoding = 4; lastKnownFileType = sourcecode.c.h; path = MBProgressHUD.h; sourceTree = "<group>"; };
		939621521B186D0300CB730B /* MBProgressHUD.m */ = {isa = PBXFileReference; fileEncoding = 4; lastKnownFileType = sourcecode.c.objc; path = MBProgressHUD.m; sourceTree = "<group>"; };
		93A658881B4E7366005AADA9 /* MultipleDeleteCell.h */ = {isa = PBXFileReference; fileEncoding = 4; lastKnownFileType = sourcecode.c.h; path = MultipleDeleteCell.h; sourceTree = "<group>"; };
		93A658891B4E736D005AADA9 /* MultipleDeleteCell.m */ = {isa = PBXFileReference; fileEncoding = 4; lastKnownFileType = sourcecode.c.objc; path = MultipleDeleteCell.m; sourceTree = "<group>"; };
		93A658921B4E77AE005AADA9 /* MessageViewController.h */ = {isa = PBXFileReference; fileEncoding = 4; lastKnownFileType = sourcecode.c.h; path = MessageViewController.h; sourceTree = "<group>"; };
		93A658931B4E77AE005AADA9 /* MessageViewController.m */ = {isa = PBXFileReference; fileEncoding = 4; lastKnownFileType = sourcecode.c.objc; path = MessageViewController.m; sourceTree = "<group>"; };
		93B84E271B1ED21200EF2DB4 /* MytaskModel.h */ = {isa = PBXFileReference; fileEncoding = 4; lastKnownFileType = sourcecode.c.h; path = MytaskModel.h; sourceTree = "<group>"; };
		93B84E281B1ED21200EF2DB4 /* MytaskModel.m */ = {isa = PBXFileReference; fileEncoding = 4; lastKnownFileType = sourcecode.c.objc; path = MytaskModel.m; sourceTree = "<group>"; };
		93B84E2D1B1EE34C00EF2DB4 /* ShipRelation.h */ = {isa = PBXFileReference; fileEncoding = 4; lastKnownFileType = sourcecode.c.h; path = ShipRelation.h; sourceTree = "<group>"; };
		93B84E2E1B1EE34C00EF2DB4 /* ShipRelation.m */ = {isa = PBXFileReference; fileEncoding = 4; lastKnownFileType = sourcecode.c.objc; path = ShipRelation.m; sourceTree = "<group>"; };
		93B84E301B1EE37000EF2DB4 /* BusinessOrders.h */ = {isa = PBXFileReference; fileEncoding = 4; lastKnownFileType = sourcecode.c.h; path = BusinessOrders.h; sourceTree = "<group>"; };
		93B84E311B1EE37000EF2DB4 /* BusinessOrders.m */ = {isa = PBXFileReference; fileEncoding = 4; lastKnownFileType = sourcecode.c.objc; path = BusinessOrders.m; sourceTree = "<group>"; };
		93C123911B38F90A002BB29C /* MoneyNumModel.h */ = {isa = PBXFileReference; fileEncoding = 4; lastKnownFileType = sourcecode.c.h; path = MoneyNumModel.h; sourceTree = "<group>"; };
		93C123921B38F90A002BB29C /* MoneyNumModel.m */ = {isa = PBXFileReference; fileEncoding = 4; lastKnownFileType = sourcecode.c.objc; path = MoneyNumModel.m; sourceTree = "<group>"; };
		93C123941B391B5F002BB29C /* BanksListViewController.h */ = {isa = PBXFileReference; fileEncoding = 4; lastKnownFileType = sourcecode.c.h; path = BanksListViewController.h; sourceTree = "<group>"; };
		93C123951B391B5F002BB29C /* BanksListViewController.m */ = {isa = PBXFileReference; fileEncoding = 4; lastKnownFileType = sourcecode.c.objc; path = BanksListViewController.m; sourceTree = "<group>"; };
		93C123971B3920F3002BB29C /* BanksModel.h */ = {isa = PBXFileReference; fileEncoding = 4; lastKnownFileType = sourcecode.c.h; path = BanksModel.h; sourceTree = "<group>"; };
		93C123981B3920F3002BB29C /* BanksModel.m */ = {isa = PBXFileReference; fileEncoding = 4; lastKnownFileType = sourcecode.c.objc; path = BanksModel.m; sourceTree = "<group>"; };
		93C1239A1B3933A7002BB29C /* CityModel.h */ = {isa = PBXFileReference; fileEncoding = 4; lastKnownFileType = sourcecode.c.h; path = CityModel.h; sourceTree = "<group>"; };
		93C1239B1B3933A7002BB29C /* CityModel.m */ = {isa = PBXFileReference; fileEncoding = 4; lastKnownFileType = sourcecode.c.objc; path = CityModel.m; sourceTree = "<group>"; };
		93C1239D1B39539D002BB29C /* city.js */ = {isa = PBXFileReference; fileEncoding = 4; lastKnownFileType = sourcecode.javascript; path = city.js; sourceTree = "<group>"; };
		93C1239F1B3954DE002BB29C /* CityHandle.h */ = {isa = PBXFileReference; fileEncoding = 4; lastKnownFileType = sourcecode.c.h; path = CityHandle.h; sourceTree = "<group>"; };
		93C123A01B3954DE002BB29C /* CityHandle.m */ = {isa = PBXFileReference; fileEncoding = 4; lastKnownFileType = sourcecode.c.objc; path = CityHandle.m; sourceTree = "<group>"; };
		93C4CA2E1B4CB7DE00FE23DE /* MyShipViewController.h */ = {isa = PBXFileReference; fileEncoding = 4; lastKnownFileType = sourcecode.c.h; path = MyShipViewController.h; sourceTree = "<group>"; };
		93C4CA2F1B4CB7DE00FE23DE /* MyShipViewController.m */ = {isa = PBXFileReference; fileEncoding = 4; lastKnownFileType = sourcecode.c.objc; path = MyShipViewController.m; sourceTree = "<group>"; };
		93C4CA321B4CC15200FE23DE /* MMDrawerBarButtonItem.h */ = {isa = PBXFileReference; fileEncoding = 4; lastKnownFileType = sourcecode.c.h; path = MMDrawerBarButtonItem.h; sourceTree = "<group>"; };
		93C4CA331B4CC15200FE23DE /* MMDrawerBarButtonItem.m */ = {isa = PBXFileReference; fileEncoding = 4; lastKnownFileType = sourcecode.c.objc; path = MMDrawerBarButtonItem.m; sourceTree = "<group>"; };
		93C4CA341B4CC15200FE23DE /* MMDrawerController+Subclass.h */ = {isa = PBXFileReference; fileEncoding = 4; lastKnownFileType = sourcecode.c.h; path = "MMDrawerController+Subclass.h"; sourceTree = "<group>"; };
		93C4CA351B4CC15200FE23DE /* MMDrawerController.h */ = {isa = PBXFileReference; fileEncoding = 4; lastKnownFileType = sourcecode.c.h; path = MMDrawerController.h; sourceTree = "<group>"; };
		93C4CA361B4CC15200FE23DE /* MMDrawerController.m */ = {isa = PBXFileReference; fileEncoding = 4; lastKnownFileType = sourcecode.c.objc; path = MMDrawerController.m; sourceTree = "<group>"; };
		93C4CA371B4CC15200FE23DE /* MMDrawerVisualState.h */ = {isa = PBXFileReference; fileEncoding = 4; lastKnownFileType = sourcecode.c.h; path = MMDrawerVisualState.h; sourceTree = "<group>"; };
		93C4CA381B4CC15200FE23DE /* MMDrawerVisualState.m */ = {isa = PBXFileReference; fileEncoding = 4; lastKnownFileType = sourcecode.c.objc; path = MMDrawerVisualState.m; sourceTree = "<group>"; };
		93C4CA391B4CC15200FE23DE /* UIViewController+MMDrawerController.h */ = {isa = PBXFileReference; fileEncoding = 4; lastKnownFileType = sourcecode.c.h; path = "UIViewController+MMDrawerController.h"; sourceTree = "<group>"; };
		93C4CA3A1B4CC15200FE23DE /* UIViewController+MMDrawerController.m */ = {isa = PBXFileReference; fileEncoding = 4; lastKnownFileType = sourcecode.c.objc; path = "UIViewController+MMDrawerController.m"; sourceTree = "<group>"; };
		93C4CA3F1B4CC4DC00FE23DE /* RightViewController.h */ = {isa = PBXFileReference; fileEncoding = 4; lastKnownFileType = sourcecode.c.h; path = RightViewController.h; sourceTree = "<group>"; };
		93C4CA401B4CC4DC00FE23DE /* RightViewController.m */ = {isa = PBXFileReference; fileEncoding = 4; lastKnownFileType = sourcecode.c.objc; path = RightViewController.m; sourceTree = "<group>"; };
		93C4CA421B4CE27600FE23DE /* LocationButton.h */ = {isa = PBXFileReference; fileEncoding = 4; lastKnownFileType = sourcecode.c.h; path = LocationButton.h; sourceTree = "<group>"; };
		93C4CA431B4CE27600FE23DE /* LocationButton.m */ = {isa = PBXFileReference; fileEncoding = 4; lastKnownFileType = sourcecode.c.objc; path = LocationButton.m; sourceTree = "<group>"; };
		93C4CA451B4CEBB500FE23DE /* SelectPortViewController.h */ = {isa = PBXFileReference; fileEncoding = 4; lastKnownFileType = sourcecode.c.h; path = SelectPortViewController.h; sourceTree = "<group>"; };
		93C4CA461B4CEBB500FE23DE /* SelectPortViewController.m */ = {isa = PBXFileReference; fileEncoding = 4; lastKnownFileType = sourcecode.c.objc; path = SelectPortViewController.m; sourceTree = "<group>"; };
		93C4CA481B4CF4FC00FE23DE /* PortListViewController.h */ = {isa = PBXFileReference; fileEncoding = 4; lastKnownFileType = sourcecode.c.h; path = PortListViewController.h; sourceTree = "<group>"; };
		93C4CA491B4CF4FC00FE23DE /* PortListViewController.m */ = {isa = PBXFileReference; fileEncoding = 4; lastKnownFileType = sourcecode.c.objc; path = PortListViewController.m; sourceTree = "<group>"; };
		93C4CA4B1B4D14F000FE23DE /* ShipInfoViewController.h */ = {isa = PBXFileReference; fileEncoding = 4; lastKnownFileType = sourcecode.c.h; path = ShipInfoViewController.h; sourceTree = "<group>"; };
		93C4CA4C1B4D14F000FE23DE /* ShipInfoViewController.m */ = {isa = PBXFileReference; fileEncoding = 4; lastKnownFileType = sourcecode.c.objc; path = ShipInfoViewController.m; sourceTree = "<group>"; };
		93C89A701B1D3FD9008DF209 /* CommonViewController.h */ = {isa = PBXFileReference; fileEncoding = 4; lastKnownFileType = sourcecode.c.h; path = CommonViewController.h; sourceTree = "<group>"; };
		93C89A711B1D3FD9008DF209 /* CommonViewController.m */ = {isa = PBXFileReference; fileEncoding = 4; lastKnownFileType = sourcecode.c.objc; path = CommonViewController.m; sourceTree = "<group>"; };
		93C89A741B1D895D008DF209 /* PortModel.h */ = {isa = PBXFileReference; fileEncoding = 4; lastKnownFileType = sourcecode.c.h; path = PortModel.h; sourceTree = "<group>"; };
		93C89A751B1D895D008DF209 /* PortModel.m */ = {isa = PBXFileReference; fileEncoding = 4; lastKnownFileType = sourcecode.c.objc; path = PortModel.m; sourceTree = "<group>"; };
		93C89A771B1D9708008DF209 /* OrdersModel.h */ = {isa = PBXFileReference; fileEncoding = 4; lastKnownFileType = sourcecode.c.h; path = OrdersModel.h; sourceTree = "<group>"; };
		93C89A781B1D9708008DF209 /* OrdersModel.m */ = {isa = PBXFileReference; fileEncoding = 4; lastKnownFileType = sourcecode.c.objc; path = OrdersModel.m; sourceTree = "<group>"; };
		93C89A7B1B1DAC47008DF209 /* CircleView.h */ = {isa = PBXFileReference; fileEncoding = 4; lastKnownFileType = sourcecode.c.h; path = CircleView.h; sourceTree = "<group>"; };
		93C89A7C1B1DAC47008DF209 /* CircleView.m */ = {isa = PBXFileReference; fileEncoding = 4; lastKnownFileType = sourcecode.c.objc; path = CircleView.m; sourceTree = "<group>"; };
		93C89A7D1B1DAC47008DF209 /* RefreshView.h */ = {isa = PBXFileReference; fileEncoding = 4; lastKnownFileType = sourcecode.c.h; path = RefreshView.h; sourceTree = "<group>"; };
		93C89A7E1B1DAC47008DF209 /* RefreshView.m */ = {isa = PBXFileReference; fileEncoding = 4; lastKnownFileType = sourcecode.c.objc; path = RefreshView.m; sourceTree = "<group>"; };
		93CDA0761B15B6750008DCC0 /* GoodMore.app */ = {isa = PBXFileReference; explicitFileType = wrapper.application; includeInIndex = 0; path = GoodMore.app; sourceTree = BUILT_PRODUCTS_DIR; };
		93CDA07A1B15B6750008DCC0 /* Info.plist */ = {isa = PBXFileReference; lastKnownFileType = text.plist.xml; path = Info.plist; sourceTree = "<group>"; };
		93CDA07B1B15B6750008DCC0 /* main.m */ = {isa = PBXFileReference; lastKnownFileType = sourcecode.c.objc; path = main.m; sourceTree = "<group>"; };
		93CDA07D1B15B6750008DCC0 /* AppDelegate.h */ = {isa = PBXFileReference; lastKnownFileType = sourcecode.c.h; path = AppDelegate.h; sourceTree = "<group>"; };
		93CDA07E1B15B6750008DCC0 /* AppDelegate.m */ = {isa = PBXFileReference; lastKnownFileType = sourcecode.c.objc; path = AppDelegate.m; sourceTree = "<group>"; };
		93CDA0801B15B6750008DCC0 /* RootViewController.h */ = {isa = PBXFileReference; lastKnownFileType = sourcecode.c.h; path = RootViewController.h; sourceTree = "<group>"; };
		93CDA0811B15B6750008DCC0 /* RootViewController.m */ = {isa = PBXFileReference; lastKnownFileType = sourcecode.c.objc; path = RootViewController.m; sourceTree = "<group>"; };
		93CDA0861B15B6750008DCC0 /* Images.xcassets */ = {isa = PBXFileReference; lastKnownFileType = folder.assetcatalog; path = Images.xcassets; sourceTree = "<group>"; };
		93CDA08F1B15B6750008DCC0 /* GoodMoreTests.xctest */ = {isa = PBXFileReference; explicitFileType = wrapper.cfbundle; includeInIndex = 0; path = GoodMoreTests.xctest; sourceTree = BUILT_PRODUCTS_DIR; };
		93CDA0941B15B6750008DCC0 /* Info.plist */ = {isa = PBXFileReference; lastKnownFileType = text.plist.xml; path = Info.plist; sourceTree = "<group>"; };
		93CDA0951B15B6750008DCC0 /* GoodMoreTests.m */ = {isa = PBXFileReference; lastKnownFileType = sourcecode.c.objc; path = GoodMoreTests.m; sourceTree = "<group>"; };
		93CDA0A01B15B8C80008DCC0 /* LoginViewController.h */ = {isa = PBXFileReference; fileEncoding = 4; lastKnownFileType = sourcecode.c.h; path = LoginViewController.h; sourceTree = "<group>"; };
		93CDA0A11B15B8C80008DCC0 /* LoginViewController.m */ = {isa = PBXFileReference; fileEncoding = 4; lastKnownFileType = sourcecode.c.objc; path = LoginViewController.m; sourceTree = "<group>"; };
		93CDA0A31B15B9200008DCC0 /* RegisterViewController.h */ = {isa = PBXFileReference; fileEncoding = 4; lastKnownFileType = sourcecode.c.h; path = RegisterViewController.h; sourceTree = "<group>"; };
		93CDA0A41B15B9200008DCC0 /* RegisterViewController.m */ = {isa = PBXFileReference; fileEncoding = 4; lastKnownFileType = sourcecode.c.objc; path = RegisterViewController.m; sourceTree = "<group>"; };
		93CDA0AA1B15BBF20008DCC0 /* NavigationBar.h */ = {isa = PBXFileReference; fileEncoding = 4; lastKnownFileType = sourcecode.c.h; path = NavigationBar.h; sourceTree = "<group>"; };
		93CDA0AB1B15BBF20008DCC0 /* NavigationBar.m */ = {isa = PBXFileReference; fileEncoding = 4; lastKnownFileType = sourcecode.c.objc; path = NavigationBar.m; sourceTree = "<group>"; };
		93D1E1631B18141D0009D80D /* Constants.h */ = {isa = PBXFileReference; lastKnownFileType = sourcecode.c.h; path = Constants.h; sourceTree = "<group>"; };
		93E6EC691B4BE5D90082E990 /* CommonCell.h */ = {isa = PBXFileReference; fileEncoding = 4; lastKnownFileType = sourcecode.c.h; path = CommonCell.h; sourceTree = "<group>"; };
		93E6EC6A1B4BE5D90082E990 /* CommonCell.m */ = {isa = PBXFileReference; fileEncoding = 4; lastKnownFileType = sourcecode.c.objc; path = CommonCell.m; sourceTree = "<group>"; };
		93E6EC6D1B4BEDEA0082E990 /* TransportingViewController.h */ = {isa = PBXFileReference; fileEncoding = 4; lastKnownFileType = sourcecode.c.h; path = TransportingViewController.h; sourceTree = "<group>"; };
		93E6EC6E1B4BEDEA0082E990 /* TransportingViewController.m */ = {isa = PBXFileReference; fileEncoding = 4; lastKnownFileType = sourcecode.c.objc; path = TransportingViewController.m; sourceTree = "<group>"; };
		93E6EC701B4BEF6B0082E990 /* MYInfoView.h */ = {isa = PBXFileReference; fileEncoding = 4; lastKnownFileType = sourcecode.c.h; path = MYInfoView.h; sourceTree = "<group>"; };
		93E6EC711B4BEF6B0082E990 /* MYInfoView.m */ = {isa = PBXFileReference; fileEncoding = 4; lastKnownFileType = sourcecode.c.objc; path = MYInfoView.m; sourceTree = "<group>"; };
		93F08AE51B4F5E1600473237 /* MessageModel.h */ = {isa = PBXFileReference; fileEncoding = 4; lastKnownFileType = sourcecode.c.h; path = MessageModel.h; sourceTree = "<group>"; };
		93F08AE61B4F5E1600473237 /* MessageModel.m */ = {isa = PBXFileReference; fileEncoding = 4; lastKnownFileType = sourcecode.c.objc; path = MessageModel.m; sourceTree = "<group>"; };
		93F08AE81B4F61D200473237 /* MessageDetailViewController.h */ = {isa = PBXFileReference; fileEncoding = 4; lastKnownFileType = sourcecode.c.h; path = MessageDetailViewController.h; sourceTree = "<group>"; };
		93F08AE91B4F61D200473237 /* MessageDetailViewController.m */ = {isa = PBXFileReference; fileEncoding = 4; lastKnownFileType = sourcecode.c.objc; path = MessageDetailViewController.m; sourceTree = "<group>"; };
		93F08AEC1B4FEF8D00473237 /* MZTimerLabel.h */ = {isa = PBXFileReference; fileEncoding = 4; lastKnownFileType = sourcecode.c.h; path = MZTimerLabel.h; sourceTree = "<group>"; };
		93F08AED1B4FEF8D00473237 /* MZTimerLabel.m */ = {isa = PBXFileReference; fileEncoding = 4; lastKnownFileType = sourcecode.c.objc; path = MZTimerLabel.m; sourceTree = "<group>"; };
		93F673801B1C1E5900A4E34E /* TaskCell.h */ = {isa = PBXFileReference; fileEncoding = 4; lastKnownFileType = sourcecode.c.h; path = TaskCell.h; sourceTree = "<group>"; };
		93F673811B1C1E5900A4E34E /* TaskCell.m */ = {isa = PBXFileReference; fileEncoding = 4; lastKnownFileType = sourcecode.c.objc; path = TaskCell.m; sourceTree = "<group>"; };
		93F673831B1C6D3D00A4E34E /* TaskDetailViewController.h */ = {isa = PBXFileReference; fileEncoding = 4; lastKnownFileType = sourcecode.c.h; path = TaskDetailViewController.h; sourceTree = "<group>"; };
		93F673841B1C6D3D00A4E34E /* TaskDetailViewController.m */ = {isa = PBXFileReference; fileEncoding = 4; lastKnownFileType = sourcecode.c.objc; path = TaskDetailViewController.m; sourceTree = "<group>"; };
/* End PBXFileReference section */

/* Begin PBXFrameworksBuildPhase section */
		93CDA0731B15B6750008DCC0 /* Frameworks */ = {
			isa = PBXFrameworksBuildPhase;
			buildActionMask = 2147483647;
			files = (
				938E975E1B207FF70050FE4D /* CoreLocation.framework in Frameworks */,
			);
			runOnlyForDeploymentPostprocessing = 0;
		};
		93CDA08C1B15B6750008DCC0 /* Frameworks */ = {
			isa = PBXFrameworksBuildPhase;
			buildActionMask = 2147483647;
			files = (
			);
			runOnlyForDeploymentPostprocessing = 0;
		};
/* End PBXFrameworksBuildPhase section */

/* Begin PBXGroup section */
		0ECD2EC71B4E09ED00C65456 /* main */ = {
			isa = PBXGroup;
			children = (
			);
			name = main;
			sourceTree = "<group>";
		};
		1A2B6FF31B4CF08D002FFD96 /* HhzView */ = {
			isa = PBXGroup;
			children = (
				1A2B6FF41B4CF0B8002FFD96 /* TopButton.h */,
				1A2B6FF51B4CF0B8002FFD96 /* TopButton.m */,
				1A2B6FF71B4D0441002FFD96 /* LogisticsCell.h */,
				1A2B6FF81B4D0441002FFD96 /* LogisticsCell.m */,
				1A2B6FFA1B4D2314002FFD96 /* ShipDetailCell.h */,
				1A2B6FFB1B4D2314002FFD96 /* ShipDetailCell.m */,
				1A2B70001B4D4253002FFD96 /* ShipHistoryCell.h */,
				1A2B70011B4D4253002FFD96 /* ShipHistoryCell.m */,
				1A0769AF1B4D5B1B00704269 /* HistoryDetailCell.h */,
				1A0769B01B4D5B1B00704269 /* HistoryDetailCell.m */,
				1A883C801B4FD8B500AC858A /* PayNumberCell.h */,
				1A883C811B4FD8B500AC858A /* PayNumberCell.m */,
				1A8804FC1B50FDFD007B44BE /* LogistCellTwo.h */,
				1A8804FD1B50FDFD007B44BE /* LogistCellTwo.m */,
			);
			name = HhzView;
			sourceTree = "<group>";
		};
		1A8838881B4E46AC003BEB43 /* HhzModel */ = {
			isa = PBXGroup;
			children = (
				1A8838891B4E4A7E003BEB43 /* ShipOrder.h */,
				1A88388A1B4E4A7E003BEB43 /* ShipOrder.m */,
				1A8838921B4E6F30003BEB43 /* ShipTeam.h */,
				1A8838931B4E6F30003BEB43 /* ShipTeam.m */,
				1A8838951B4E6F9F003BEB43 /* ShipInTeam.h */,
				1A8838961B4E6F9F003BEB43 /* ShipInTeam.m */,
				1A8838981B4E7038003BEB43 /* MyShipModel.h */,
				1A8838991B4E7038003BEB43 /* MyShipModel.m */,
			);
			name = HhzModel;
			sourceTree = "<group>";
		};
		9384DDE11B26C10B001D539F /* mywallet */ = {
			isa = PBXGroup;
			children = (
				9384DDE21B26C13D001D539F /* MyWalletViewController.h */,
				9384DDE31B26C13D001D539F /* MyWalletViewController.m */,
				938E25351B2978FE003B7EC5 /* SureCashViewController.h */,
				938E25361B2978FE003B7EC5 /* SureCashViewController.m */,
				935C4FB61B281A06004F292B /* NopayViewController.m */,
				935C4FB51B281A06004F292B /* NopayViewController.h */,
				938E24FB1B29342E003B7EC5 /* NoPayDetailViewController.m */,
				938E24FA1B29342E003B7EC5 /* NoPayDetailViewController.h */,
				938E25381B29B00A003B7EC5 /* BankInfoViewController.h */,
				938E25391B29B00A003B7EC5 /* BankInfoViewController.m */,
				93C123941B391B5F002BB29C /* BanksListViewController.h */,
				93C123951B391B5F002BB29C /* BanksListViewController.m */,
			);
			name = mywallet;
			path = GoodMore/mywallet;
			sourceTree = SOURCE_ROOT;
		};
		939621461B1860FA00CB730B /* NetWork */ = {
			isa = PBXGroup;
			children = (
				9396214D1B18637D00CB730B /* NetWorkInterface.h */,
				9396214E1B18637D00CB730B /* NetWorkInterface.m */,
				939621471B18612F00CB730B /* NetworkRequest.h */,
				939621481B18612F00CB730B /* NetworkRequest.m */,
				9396214A1B18615100CB730B /* EncryptHelper.h */,
				9396214B1B18615100CB730B /* EncryptHelper.m */,
			);
			path = NetWork;
			sourceTree = "<group>";
		};
		939621501B186D0300CB730B /* HUD */ = {
			isa = PBXGroup;
			children = (
				939621511B186D0300CB730B /* MBProgressHUD.h */,
				939621521B186D0300CB730B /* MBProgressHUD.m */,
			);
			path = HUD;
			sourceTree = "<group>";
		};
		93C4CA2D1B4CB7B600FE23DE /* myShip */ = {
			isa = PBXGroup;
			children = (
				1A8838881B4E46AC003BEB43 /* HhzModel */,
				1A2B6FF31B4CF08D002FFD96 /* HhzView */,
				93C4CA2E1B4CB7DE00FE23DE /* MyShipViewController.h */,
				93C4CA2F1B4CB7DE00FE23DE /* MyShipViewController.m */,
				1A2B6FFD1B4D3C29002FFD96 /* HistoryController.h */,
				1A2B6FFE1B4D3C29002FFD96 /* HistoryController.m */,
				1A2B70031B4D4C12002FFD96 /* HistoryDetailController.h */,
				1A2B70041B4D4C12002FFD96 /* HistoryDetailController.m */,
				1A88388F1B4E54AA003BEB43 /* JoinShipController.h */,
				1A8838901B4E54AA003BEB43 /* JoinShipController.m */,
				1A883C7D1B4FBAB100AC858A /* PayForShipController.h */,
				1A883C7E1B4FBAB100AC858A /* PayForShipController.m */,
			);
			name = myShip;
			path = transporting/myShip;
			sourceTree = "<group>";
		};
		93C4CA311B4CC15200FE23DE /* MMDrawerController */ = {
			isa = PBXGroup;
			children = (
				93C4CA321B4CC15200FE23DE /* MMDrawerBarButtonItem.h */,
				93C4CA331B4CC15200FE23DE /* MMDrawerBarButtonItem.m */,
				93C4CA341B4CC15200FE23DE /* MMDrawerController+Subclass.h */,
				93C4CA351B4CC15200FE23DE /* MMDrawerController.h */,
				93C4CA361B4CC15200FE23DE /* MMDrawerController.m */,
				93C4CA371B4CC15200FE23DE /* MMDrawerVisualState.h */,
				93C4CA381B4CC15200FE23DE /* MMDrawerVisualState.m */,
				93C4CA391B4CC15200FE23DE /* UIViewController+MMDrawerController.h */,
				93C4CA3A1B4CC15200FE23DE /* UIViewController+MMDrawerController.m */,
			);
			path = MMDrawerController;
			sourceTree = "<group>";
		};
		93C4CA4E1B4D533300FE23DE /* task */ = {
			isa = PBXGroup;
			children = (
				9396213E1B18563A00CB730B /* MainViewController.m */,
				9396213D1B18563A00CB730B /* MainViewController.h */,
				939621401B18567D00CB730B /* TaskViewController.h */,
				939621411B18567D00CB730B /* TaskViewController.m */,
				93C4CA451B4CEBB500FE23DE /* SelectPortViewController.h */,
				93C4CA461B4CEBB500FE23DE /* SelectPortViewController.m */,
				93C4CA481B4CF4FC00FE23DE /* PortListViewController.h */,
				93C4CA491B4CF4FC00FE23DE /* PortListViewController.m */,
				9342EE9E1B1F1F95000BF13F /* SetNewPWDViewController.m */,
				9342EE9D1B1F1F95000BF13F /* SetNewPWDViewController.h */,
				9342EE9A1B1F0F43000BF13F /* SettingViewController.h */,
				9342EE9B1B1F0F43000BF13F /* SettingViewController.m */,
				9335142C1B3C09CA0059611B /* RegresultViewController.m */,
				9335142B1B3C09CA0059611B /* RegresultViewController.h */,
				93CDA0A41B15B9200008DCC0 /* RegisterViewController.m */,
				93CDA0A31B15B9200008DCC0 /* RegisterViewController.h */,
				938E97571B1FF8190050FE4D /* FindPwdViewController.m */,
				938E97561B1FF8190050FE4D /* FindPwdViewController.h */,
				93CDA0A11B15B8C80008DCC0 /* LoginViewController.m */,
				93CDA0A01B15B8C80008DCC0 /* LoginViewController.h */,
				93C4CA4B1B4D14F000FE23DE /* ShipInfoViewController.h */,
				93C4CA4C1B4D14F000FE23DE /* ShipInfoViewController.m */,
				93F673831B1C6D3D00A4E34E /* TaskDetailViewController.h */,
				93F673841B1C6D3D00A4E34E /* TaskDetailViewController.m */,
				93C4CA3F1B4CC4DC00FE23DE /* RightViewController.h */,
				93C4CA401B4CC4DC00FE23DE /* RightViewController.m */,
				93A658921B4E77AE005AADA9 /* MessageViewController.h */,
				93A658931B4E77AE005AADA9 /* MessageViewController.m */,
				93F08AE81B4F61D200473237 /* MessageDetailViewController.h */,
				93F08AE91B4F61D200473237 /* MessageDetailViewController.m */,
			);
			name = task;
			sourceTree = "<group>";
		};
		93C89A731B1D8938008DF209 /* Model */ = {
			isa = PBXGroup;
			children = (
				93C89A741B1D895D008DF209 /* PortModel.h */,
				0ECD2EC81B4E408000C65456 /* TransportingModel.h */,
				0ECD2EC91B4E408000C65456 /* TransportingModel.m */,
				93C89A751B1D895D008DF209 /* PortModel.m */,
				93C89A771B1D9708008DF209 /* OrdersModel.h */,
				93C89A781B1D9708008DF209 /* OrdersModel.m */,
				93B84E271B1ED21200EF2DB4 /* MytaskModel.h */,
				93B84E281B1ED21200EF2DB4 /* MytaskModel.m */,
				93B84E2D1B1EE34C00EF2DB4 /* ShipRelation.h */,
				93B84E2E1B1EE34C00EF2DB4 /* ShipRelation.m */,
				93B84E301B1EE37000EF2DB4 /* BusinessOrders.h */,
				93B84E311B1EE37000EF2DB4 /* BusinessOrders.m */,
				933514341B3D8BB40059611B /* ShipListModel.h */,
				933514351B3D8BB40059611B /* ShipListModel.m */,
				938EDE0B1B3E535400A0D201 /* ShipTeamModel.h */,
				938EDE0C1B3E535400A0D201 /* ShipTeamModel.m */,
				935C4FB81B282ED5004F292B /* AvaliblePayModel.h */,
				935C4FB91B282ED5004F292B /* AvaliblePayModel.m */,
				938E24F71B292BEA003B7EC5 /* NoPayModel.h */,
				938E24F81B292BEA003B7EC5 /* NoPayModel.m */,
				938E25001B295009003B7EC5 /* NoPayDetailModel.h */,
				938E25011B295009003B7EC5 /* NoPayDetailModel.m */,
				93C123911B38F90A002BB29C /* MoneyNumModel.h */,
				93C123921B38F90A002BB29C /* MoneyNumModel.m */,
				93C123971B3920F3002BB29C /* BanksModel.h */,
				93C123981B3920F3002BB29C /* BanksModel.m */,
				93C1239F1B3954DE002BB29C /* CityHandle.h */,
				93C123A01B3954DE002BB29C /* CityHandle.m */,
				93C1239A1B3933A7002BB29C /* CityModel.h */,
				93C1239B1B3933A7002BB29C /* CityModel.m */,
				93F08AE51B4F5E1600473237 /* MessageModel.h */,
				93F08AE61B4F5E1600473237 /* MessageModel.m */,
			);
			path = Model;
			sourceTree = "<group>";
		};
		93C89A7A1B1DAC47008DF209 /* Refresh */ = {
			isa = PBXGroup;
			children = (
				93C89A7B1B1DAC47008DF209 /* CircleView.h */,
				93C89A7C1B1DAC47008DF209 /* CircleView.m */,
				93C89A7D1B1DAC47008DF209 /* RefreshView.h */,
				93C89A7E1B1DAC47008DF209 /* RefreshView.m */,
			);
			path = Refresh;
			sourceTree = "<group>";
		};
		93CDA06D1B15B6750008DCC0 = {
			isa = PBXGroup;
			children = (
				938E975D1B207FF70050FE4D /* CoreLocation.framework */,
				93CDA0781B15B6750008DCC0 /* GoodMore */,
				93CDA0921B15B6750008DCC0 /* GoodMoreTests */,
				93CDA0771B15B6750008DCC0 /* Products */,
			);
			sourceTree = "<group>";
		};
		93CDA0771B15B6750008DCC0 /* Products */ = {
			isa = PBXGroup;
			children = (
				93CDA0761B15B6750008DCC0 /* GoodMore.app */,
				93CDA08F1B15B6750008DCC0 /* GoodMoreTests.xctest */,
			);
			name = Products;
			sourceTree = "<group>";
		};
		93CDA0781B15B6750008DCC0 /* GoodMore */ = {
			isa = PBXGroup;
			children = (
				93CDA07D1B15B6750008DCC0 /* AppDelegate.h */,
				93CDA07E1B15B6750008DCC0 /* AppDelegate.m */,
				93D1E1631B18141D0009D80D /* Constants.h */,
				93CDA0801B15B6750008DCC0 /* RootViewController.h */,
				93CDA0811B15B6750008DCC0 /* RootViewController.m */,
				93C89A701B1D3FD9008DF209 /* CommonViewController.h */,
				93C89A711B1D3FD9008DF209 /* CommonViewController.m */,
				93C4CA311B4CC15200FE23DE /* MMDrawerController */,
				93F08AEB1B4FEF8D00473237 /* ZMTimerLabel */,
				939621501B186D0300CB730B /* HUD */,
				93C89A7A1B1DAC47008DF209 /* Refresh */,
				93C89A731B1D8938008DF209 /* Model */,
				93F6737F1B1C1E1F00A4E34E /* Cell */,
				939621461B1860FA00CB730B /* NetWork */,
				93CDA0A91B15BBC60008DCC0 /* MY__UI */,
				93CDA09F1B15B8B50008DCC0 /* Controllers */,
				93CDA0861B15B6750008DCC0 /* Images.xcassets */,
				93CDA0791B15B6750008DCC0 /* Supporting Files */,
			);
			path = GoodMore;
			sourceTree = "<group>";
		};
		93CDA0791B15B6750008DCC0 /* Supporting Files */ = {
			isa = PBXGroup;
			children = (
				1A2B6FF21B4CED3C002FFD96 /* PrefixHeader.pch */,
				93C1239D1B39539D002BB29C /* city.js */,
				93CDA07A1B15B6750008DCC0 /* Info.plist */,
				93CDA07B1B15B6750008DCC0 /* main.m */,
			);
			name = "Supporting Files";
			sourceTree = "<group>";
		};
		93CDA0921B15B6750008DCC0 /* GoodMoreTests */ = {
			isa = PBXGroup;
			children = (
				93CDA0951B15B6750008DCC0 /* GoodMoreTests.m */,
				93CDA0931B15B6750008DCC0 /* Supporting Files */,
			);
			path = GoodMoreTests;
			sourceTree = "<group>";
		};
		93CDA0931B15B6750008DCC0 /* Supporting Files */ = {
			isa = PBXGroup;
			children = (
				93CDA0941B15B6750008DCC0 /* Info.plist */,
			);
			name = "Supporting Files";
			sourceTree = "<group>";
		};
		93CDA09F1B15B8B50008DCC0 /* Controllers */ = {
			isa = PBXGroup;
			children = (
				0ECD2EC71B4E09ED00C65456 /* main */,
				93C4CA4E1B4D533300FE23DE /* task */,
				939621431B1856A400CB730B /* MyTaskViewController.h */,
				939621441B1856A400CB730B /* MyTaskViewController.m */,
				9302B5991B3AC2F300596A80 /* GoodsTransDetailViewController.h */,
				9302B59A1B3AC2F300596A80 /* GoodsTransDetailViewController.m */,
				933514311B3D826F0059611B /* ShipTeamDetailViewController.h */,
				933514321B3D826F0059611B /* ShipTeamDetailViewController.m */,
				933514281B3B9AD60059611B /* PayFreightViewController.h */,
				933514291B3B9AD60059611B /* PayFreightViewController.m */,
				931EFD021B4284930045752C /* WebViewViewController.h */,
				931EFD031B4284930045752C /* WebViewViewController.m */,
				9384DDE11B26C10B001D539F /* mywallet */,
				93C4CA2D1B4CB7B600FE23DE /* myShip */,
				93E6EC6C1B4BEDB10082E990 /* transporting */,
			);
			path = Controllers;
			sourceTree = "<group>";
		};
		93CDA0A91B15BBC60008DCC0 /* MY__UI */ = {
			isa = PBXGroup;
			children = (
				93CDA0AA1B15BBF20008DCC0 /* NavigationBar.h */,
				93CDA0AB1B15BBF20008DCC0 /* NavigationBar.m */,
				938E97591B2027420050FE4D /* RegularNumber.h */,
				938E975A1B2027420050FE4D /* RegularNumber.m */,
				9302B5961B3AA6CE00596A80 /* MYView.h */,
				9302B5971B3AA6CE00596A80 /* MYView.m */,
				93E6EC701B4BEF6B0082E990 /* MYInfoView.h */,
				93E6EC711B4BEF6B0082E990 /* MYInfoView.m */,
				93C4CA421B4CE27600FE23DE /* LocationButton.h */,
				93C4CA431B4CE27600FE23DE /* LocationButton.m */,
			);
			path = MY__UI;
			sourceTree = "<group>";
		};
		93E6EC6C1B4BEDB10082E990 /* transporting */ = {
			isa = PBXGroup;
			children = (
				9335142E1B3C1FD70059611B /* LoadGoodsViewController.h */,
				9335142F1B3C1FD70059611B /* LoadGoodsViewController.m */,
				0ECD46621B4D3B4A002BA802 /* LoadGoodsViewController2.h */,
				0ECD46631B4D3B4A002BA802 /* LoadGoodsViewController2.m */,
				93E6EC6D1B4BEDEA0082E990 /* TransportingViewController.h */,
				93E6EC6E1B4BEDEA0082E990 /* TransportingViewController.m */,
			);
			path = transporting;
			sourceTree = "<group>";
		};
		93F08AEB1B4FEF8D00473237 /* ZMTimerLabel */ = {
			isa = PBXGroup;
			children = (
				93F08AEC1B4FEF8D00473237 /* MZTimerLabel.h */,
				93F08AED1B4FEF8D00473237 /* MZTimerLabel.m */,
			);
			path = ZMTimerLabel;
			sourceTree = "<group>";
		};
		93F6737F1B1C1E1F00A4E34E /* Cell */ = {
			isa = PBXGroup;
			children = (
				93F673801B1C1E5900A4E34E /* TaskCell.h */,
				93F673811B1C1E5900A4E34E /* TaskCell.m */,
				935C4FB21B281132004F292B /* WalletCell.h */,
				935C4FB31B281132004F292B /* WalletCell.m */,
				938E24FD1B29347E003B7EC5 /* NoPayDetailCell.h */,
				938E24FE1B29347E003B7EC5 /* NoPayDetailCell.m */,
				9302B59C1B3AE1BE00596A80 /* ShipInfoCell.h */,
				9302B59D1B3AE1BE00596A80 /* ShipInfoCell.m */,
				938EDE0E1B3E83AB00A0D201 /* ShipInfoCell1.h */,
				938EDE0F1B3E83AB00A0D201 /* ShipInfoCell1.m */,
				9386339B1B4110F50092F05E /* AddCollectionViewCell.h */,
				9386339C1B4110F50092F05E /* AddCollectionViewCell.m */,
				9386339E1B4116D50092F05E /* ImageCollectionViewCell.h */,
				9386339F1B4116D50092F05E /* ImageCollectionViewCell.m */,
				93E6EC691B4BE5D90082E990 /* CommonCell.h */,
				93E6EC6A1B4BE5D90082E990 /* CommonCell.m */,
				0ECD465F1B4D0109002BA802 /* TransportingTableViewCell.h */,
				0ECD46601B4D0109002BA802 /* TransportingTableViewCell.m */,
				93A658881B4E7366005AADA9 /* MultipleDeleteCell.h */,
				93A658891B4E736D005AADA9 /* MultipleDeleteCell.m */,
			);
			path = Cell;
			sourceTree = "<group>";
		};
/* End PBXGroup section */

/* Begin PBXNativeTarget section */
		93CDA0751B15B6750008DCC0 /* GoodMore */ = {
			isa = PBXNativeTarget;
			buildConfigurationList = 93CDA0991B15B6750008DCC0 /* Build configuration list for PBXNativeTarget "GoodMore" */;
			buildPhases = (
				93CDA0721B15B6750008DCC0 /* Sources */,
				93CDA0731B15B6750008DCC0 /* Frameworks */,
				93CDA0741B15B6750008DCC0 /* Resources */,
			);
			buildRules = (
			);
			dependencies = (
			);
			name = GoodMore;
			productName = GoodMore;
			productReference = 93CDA0761B15B6750008DCC0 /* GoodMore.app */;
			productType = "com.apple.product-type.application";
		};
		93CDA08E1B15B6750008DCC0 /* GoodMoreTests */ = {
			isa = PBXNativeTarget;
			buildConfigurationList = 93CDA09C1B15B6750008DCC0 /* Build configuration list for PBXNativeTarget "GoodMoreTests" */;
			buildPhases = (
				93CDA08B1B15B6750008DCC0 /* Sources */,
				93CDA08C1B15B6750008DCC0 /* Frameworks */,
				93CDA08D1B15B6750008DCC0 /* Resources */,
			);
			buildRules = (
			);
			dependencies = (
				93CDA0911B15B6750008DCC0 /* PBXTargetDependency */,
			);
			name = GoodMoreTests;
			productName = GoodMoreTests;
			productReference = 93CDA08F1B15B6750008DCC0 /* GoodMoreTests.xctest */;
			productType = "com.apple.product-type.bundle.unit-test";
		};
/* End PBXNativeTarget section */

/* Begin PBXProject section */
		93CDA06E1B15B6750008DCC0 /* Project object */ = {
			isa = PBXProject;
			attributes = {
				LastUpgradeCheck = 0610;
				ORGANIZATIONNAME = comdosoft;
				TargetAttributes = {
					93CDA0751B15B6750008DCC0 = {
						CreatedOnToolsVersion = 6.1.1;
					};
					93CDA08E1B15B6750008DCC0 = {
						CreatedOnToolsVersion = 6.1.1;
						TestTargetID = 93CDA0751B15B6750008DCC0;
					};
				};
			};
			buildConfigurationList = 93CDA0711B15B6750008DCC0 /* Build configuration list for PBXProject "GoodMore" */;
			compatibilityVersion = "Xcode 3.2";
			developmentRegion = English;
			hasScannedForEncodings = 0;
			knownRegions = (
				en,
				Base,
			);
			mainGroup = 93CDA06D1B15B6750008DCC0;
			productRefGroup = 93CDA0771B15B6750008DCC0 /* Products */;
			projectDirPath = "";
			projectRoot = "";
			targets = (
				93CDA0751B15B6750008DCC0 /* GoodMore */,
				93CDA08E1B15B6750008DCC0 /* GoodMoreTests */,
			);
		};
/* End PBXProject section */

/* Begin PBXResourcesBuildPhase section */
		93CDA0741B15B6750008DCC0 /* Resources */ = {
			isa = PBXResourcesBuildPhase;
			buildActionMask = 2147483647;
			files = (
				93CDA0871B15B6750008DCC0 /* Images.xcassets in Resources */,
				93C1239E1B39539D002BB29C /* city.js in Resources */,
			);
			runOnlyForDeploymentPostprocessing = 0;
		};
		93CDA08D1B15B6750008DCC0 /* Resources */ = {
			isa = PBXResourcesBuildPhase;
			buildActionMask = 2147483647;
			files = (
			);
			runOnlyForDeploymentPostprocessing = 0;
		};
/* End PBXResourcesBuildPhase section */

/* Begin PBXSourcesBuildPhase section */
		93CDA0721B15B6750008DCC0 /* Sources */ = {
			isa = PBXSourcesBuildPhase;
			buildActionMask = 2147483647;
			files = (
				93F08AEA1B4F61D200473237 /* MessageDetailViewController.m in Sources */,
				9396214F1B18637D00CB730B /* NetWorkInterface.m in Sources */,
				93CDA0A51B15B9200008DCC0 /* RegisterViewController.m in Sources */,
				0ECD46611B4D0109002BA802 /* TransportingTableViewCell.m in Sources */,
				931EFD041B4284930045752C /* WebViewViewController.m in Sources */,
				1A88388B1B4E4A7E003BEB43 /* ShipOrder.m in Sources */,
				939621421B18567D00CB730B /* TaskViewController.m in Sources */,
				93C123961B391B5F002BB29C /* BanksListViewController.m in Sources */,
				93CDA0AC1B15BBF20008DCC0 /* NavigationBar.m in Sources */,
				938EDE0D1B3E535400A0D201 /* ShipTeamModel.m in Sources */,
				9302B5981B3AA6CE00596A80 /* MYView.m in Sources */,
				938EDE101B3E83AB00A0D201 /* ShipInfoCell1.m in Sources */,
				1A2B70021B4D4253002FFD96 /* ShipHistoryCell.m in Sources */,
				938E25371B2978FE003B7EC5 /* SureCashViewController.m in Sources */,
				0ECD2ECA1B4E408000C65456 /* TransportingModel.m in Sources */,
				935C4FB71B281A06004F292B /* NopayViewController.m in Sources */,
				93C4CA3C1B4CC15200FE23DE /* MMDrawerController.m in Sources */,
				1A2B6FFF1B4D3C29002FFD96 /* HistoryController.m in Sources */,
				1A8804FE1B50FDFD007B44BE /* LogistCellTwo.m in Sources */,
				93B84E291B1ED21200EF2DB4 /* MytaskModel.m in Sources */,
				93F08AE71B4F5E1600473237 /* MessageModel.m in Sources */,
				9384DDE41B26C13D001D539F /* MyWalletViewController.m in Sources */,
				93C89A7F1B1DAC47008DF209 /* CircleView.m in Sources */,
				93C4CA441B4CE27600FE23DE /* LocationButton.m in Sources */,
				93C4CA4A1B4CF4FC00FE23DE /* PortListViewController.m in Sources */,
				93F673821B1C1E5900A4E34E /* TaskCell.m in Sources */,
				1A883C7F1B4FBAB100AC858A /* PayForShipController.m in Sources */,
				93C89A801B1DAC47008DF209 /* RefreshView.m in Sources */,
				93F673851B1C6D3D00A4E34E /* TaskDetailViewController.m in Sources */,
				93A658941B4E77AE005AADA9 /* MessageViewController.m in Sources */,
				938E97581B1FF8190050FE4D /* FindPwdViewController.m in Sources */,
				0ECD46641B4D3B4A002BA802 /* LoadGoodsViewController2.m in Sources */,
				93C4CA301B4CB7DE00FE23DE /* MyShipViewController.m in Sources */,
				93C123931B38F90A002BB29C /* MoneyNumModel.m in Sources */,
				1A0769B11B4D5B1B00704269 /* HistoryDetailCell.m in Sources */,
				9396214C1B18615100CB730B /* EncryptHelper.m in Sources */,
				93CDA0A21B15B8C80008DCC0 /* LoginViewController.m in Sources */,
				1A2B70051B4D4C12002FFD96 /* HistoryDetailController.m in Sources */,
				93B84E321B1EE37000EF2DB4 /* BusinessOrders.m in Sources */,
				1A8838971B4E6F9F003BEB43 /* ShipInTeam.m in Sources */,
				93C4CA4D1B4D14F000FE23DE /* ShipInfoViewController.m in Sources */,
				93B84E2F1B1EE34C00EF2DB4 /* ShipRelation.m in Sources */,
				938633A01B4116D50092F05E /* ImageCollectionViewCell.m in Sources */,
				93E6EC6B1B4BE5D90082E990 /* CommonCell.m in Sources */,
				93CDA0821B15B6750008DCC0 /* RootViewController.m in Sources */,
				938E253A1B29B00A003B7EC5 /* BankInfoViewController.m in Sources */,
				93C89A721B1D3FD9008DF209 /* CommonViewController.m in Sources */,
				1A883C821B4FD8B500AC858A /* PayNumberCell.m in Sources */,
				933514331B3D826F0059611B /* ShipTeamDetailViewController.m in Sources */,
				93C123A11B3954DE002BB29C /* CityHandle.m in Sources */,
				93C4CA471B4CEBB500FE23DE /* SelectPortViewController.m in Sources */,
				9396213F1B18563A00CB730B /* MainViewController.m in Sources */,
				9342EE9F1B1F1F95000BF13F /* SetNewPWDViewController.m in Sources */,
				93C4CA3D1B4CC15200FE23DE /* MMDrawerVisualState.m in Sources */,
				93E6EC721B4BEF6B0082E990 /* MYInfoView.m in Sources */,
				93C89A761B1D895D008DF209 /* PortModel.m in Sources */,
				939621491B18612F00CB730B /* NetworkRequest.m in Sources */,
				93E6EC6F1B4BEDEA0082E990 /* TransportingViewController.m in Sources */,
				93C4CA3B1B4CC15200FE23DE /* MMDrawerBarButtonItem.m in Sources */,
				9335142D1B3C09CA0059611B /* RegresultViewController.m in Sources */,
				1A88389A1B4E7038003BEB43 /* MyShipModel.m in Sources */,
				939621531B186D0300CB730B /* MBProgressHUD.m in Sources */,
				938E25021B295009003B7EC5 /* NoPayDetailModel.m in Sources */,
				933514301B3C1FD70059611B /* LoadGoodsViewController.m in Sources */,
				9302B59B1B3AC2F300596A80 /* GoodsTransDetailViewController.m in Sources */,
				1A2B6FF61B4CF0B8002FFD96 /* TopButton.m in Sources */,
				935C4FBA1B282ED5004F292B /* AvaliblePayModel.m in Sources */,
				93F08AEE1B4FEF8D00473237 /* MZTimerLabel.m in Sources */,
				9386339D1B4110F50092F05E /* AddCollectionViewCell.m in Sources */,
				935C4FB41B281132004F292B /* WalletCell.m in Sources */,
				1A2B6FFC1B4D2314002FFD96 /* ShipDetailCell.m in Sources */,
				93C89A791B1D9708008DF209 /* OrdersModel.m in Sources */,
				939621451B1856A400CB730B /* MyTaskViewController.m in Sources */,
				938E24FF1B29347E003B7EC5 /* NoPayDetailCell.m in Sources */,
				93C4CA3E1B4CC15200FE23DE /* UIViewController+MMDrawerController.m in Sources */,
				938E24FC1B29342E003B7EC5 /* NoPayDetailViewController.m in Sources */,
				9335142A1B3B9AD60059611B /* PayFreightViewController.m in Sources */,
				1A2B6FF91B4D0441002FFD96 /* LogisticsCell.m in Sources */,
				93CDA07F1B15B6750008DCC0 /* AppDelegate.m in Sources */,
				938E975B1B2027420050FE4D /* RegularNumber.m in Sources */,
				1A8838911B4E54AA003BEB43 /* JoinShipController.m in Sources */,
				9302B59E1B3AE1BE00596A80 /* ShipInfoCell.m in Sources */,
				93CDA07C1B15B6750008DCC0 /* main.m in Sources */,
				93C1239C1B3933A7002BB29C /* CityModel.m in Sources */,
				93A6588A1B4E736D005AADA9 /* MultipleDeleteCell.m in Sources */,
				9342EE9C1B1F0F43000BF13F /* SettingViewController.m in Sources */,
				938E24F91B292BEA003B7EC5 /* NoPayModel.m in Sources */,
				1A8838941B4E6F30003BEB43 /* ShipTeam.m in Sources */,
				93C123991B3920F3002BB29C /* BanksModel.m in Sources */,
				93C4CA411B4CC4DC00FE23DE /* RightViewController.m in Sources */,
				933514361B3D8BB40059611B /* ShipListModel.m in Sources */,
			);
			runOnlyForDeploymentPostprocessing = 0;
		};
		93CDA08B1B15B6750008DCC0 /* Sources */ = {
			isa = PBXSourcesBuildPhase;
			buildActionMask = 2147483647;
			files = (
				93CDA0961B15B6750008DCC0 /* GoodMoreTests.m in Sources */,
			);
			runOnlyForDeploymentPostprocessing = 0;
		};
/* End PBXSourcesBuildPhase section */

/* Begin PBXTargetDependency section */
		93CDA0911B15B6750008DCC0 /* PBXTargetDependency */ = {
			isa = PBXTargetDependency;
			target = 93CDA0751B15B6750008DCC0 /* GoodMore */;
			targetProxy = 93CDA0901B15B6750008DCC0 /* PBXContainerItemProxy */;
		};
/* End PBXTargetDependency section */

/* Begin XCBuildConfiguration section */
		93CDA0971B15B6750008DCC0 /* Debug */ = {
			isa = XCBuildConfiguration;
			buildSettings = {
				ALWAYS_SEARCH_USER_PATHS = NO;
				CLANG_CXX_LANGUAGE_STANDARD = "gnu++0x";
				CLANG_CXX_LIBRARY = "libc++";
				CLANG_ENABLE_MODULES = YES;
				CLANG_ENABLE_OBJC_ARC = YES;
				CLANG_WARN_BOOL_CONVERSION = YES;
				CLANG_WARN_CONSTANT_CONVERSION = YES;
				CLANG_WARN_DIRECT_OBJC_ISA_USAGE = YES_ERROR;
				CLANG_WARN_EMPTY_BODY = YES;
				CLANG_WARN_ENUM_CONVERSION = YES;
				CLANG_WARN_INT_CONVERSION = YES;
				CLANG_WARN_OBJC_ROOT_CLASS = YES_ERROR;
				CLANG_WARN_UNREACHABLE_CODE = YES;
				CLANG_WARN__DUPLICATE_METHOD_MATCH = YES;
				CODE_SIGN_IDENTITY = "iPhone Developer: Sen Ye (FE46ZS29LM)";
				"CODE_SIGN_IDENTITY[sdk=iphoneos*]" = "iPhone Developer: Sen Ye (FE46ZS29LM)";
				COPY_PHASE_STRIP = NO;
				ENABLE_STRICT_OBJC_MSGSEND = YES;
				GCC_C_LANGUAGE_STANDARD = gnu99;
				GCC_DYNAMIC_NO_PIC = NO;
				GCC_OPTIMIZATION_LEVEL = 0;
				GCC_PREPROCESSOR_DEFINITIONS = (
					"DEBUG=1",
					"$(inherited)",
				);
				GCC_SYMBOLS_PRIVATE_EXTERN = NO;
				GCC_WARN_64_TO_32_BIT_CONVERSION = YES;
				GCC_WARN_ABOUT_RETURN_TYPE = YES_ERROR;
				GCC_WARN_UNDECLARED_SELECTOR = YES;
				GCC_WARN_UNINITIALIZED_AUTOS = YES_AGGRESSIVE;
				GCC_WARN_UNUSED_FUNCTION = YES;
				GCC_WARN_UNUSED_VARIABLE = YES;
				IPHONEOS_DEPLOYMENT_TARGET = 8.1;
				MTL_ENABLE_DEBUG_INFO = YES;
				ONLY_ACTIVE_ARCH = YES;
				PROVISIONING_PROFILE = "cad5d974-d31c-4a37-a883-e0aa523ad8a3";
				SDKROOT = iphoneos;
			};
			name = Debug;
		};
		93CDA0981B15B6750008DCC0 /* Release */ = {
			isa = XCBuildConfiguration;
			buildSettings = {
				ALWAYS_SEARCH_USER_PATHS = NO;
				CLANG_CXX_LANGUAGE_STANDARD = "gnu++0x";
				CLANG_CXX_LIBRARY = "libc++";
				CLANG_ENABLE_MODULES = YES;
				CLANG_ENABLE_OBJC_ARC = YES;
				CLANG_WARN_BOOL_CONVERSION = YES;
				CLANG_WARN_CONSTANT_CONVERSION = YES;
				CLANG_WARN_DIRECT_OBJC_ISA_USAGE = YES_ERROR;
				CLANG_WARN_EMPTY_BODY = YES;
				CLANG_WARN_ENUM_CONVERSION = YES;
				CLANG_WARN_INT_CONVERSION = YES;
				CLANG_WARN_OBJC_ROOT_CLASS = YES_ERROR;
				CLANG_WARN_UNREACHABLE_CODE = YES;
				CLANG_WARN__DUPLICATE_METHOD_MATCH = YES;
				CODE_SIGN_IDENTITY = "iPhone Developer: Sen Ye (FE46ZS29LM)";
				"CODE_SIGN_IDENTITY[sdk=iphoneos*]" = "iPhone Developer: Sen Ye (FE46ZS29LM)";
				COPY_PHASE_STRIP = YES;
				ENABLE_NS_ASSERTIONS = NO;
				ENABLE_STRICT_OBJC_MSGSEND = YES;
				GCC_C_LANGUAGE_STANDARD = gnu99;
				GCC_WARN_64_TO_32_BIT_CONVERSION = YES;
				GCC_WARN_ABOUT_RETURN_TYPE = YES_ERROR;
				GCC_WARN_UNDECLARED_SELECTOR = YES;
				GCC_WARN_UNINITIALIZED_AUTOS = YES_AGGRESSIVE;
				GCC_WARN_UNUSED_FUNCTION = YES;
				GCC_WARN_UNUSED_VARIABLE = YES;
				IPHONEOS_DEPLOYMENT_TARGET = 8.1;
				MTL_ENABLE_DEBUG_INFO = NO;
				PROVISIONING_PROFILE = "cad5d974-d31c-4a37-a883-e0aa523ad8a3";
				SDKROOT = iphoneos;
				VALIDATE_PRODUCT = YES;
			};
			name = Release;
		};
		93CDA09A1B15B6750008DCC0 /* Debug */ = {
			isa = XCBuildConfiguration;
			buildSettings = {
				ASSETCATALOG_COMPILER_APPICON_NAME = AppIcon;
				ASSETCATALOG_COMPILER_LAUNCHIMAGE_NAME = LaunchImage;
				CODE_SIGN_IDENTITY = "iPhone Developer: Sen Ye (FE46ZS29LM)";
				"CODE_SIGN_IDENTITY[sdk=iphoneos*]" = "iPhone Developer: Sen Ye (FE46ZS29LM)";
				GCC_PREFIX_HEADER = "$(SRCROOT)/GoodMore/PrefixHeader.pch";
				INFOPLIST_FILE = GoodMore/Info.plist;
				LD_RUNPATH_SEARCH_PATHS = "$(inherited) @executable_path/Frameworks";
				PRODUCT_NAME = GoodMore;
				PROVISIONING_PROFILE = "cad5d974-d31c-4a37-a883-e0aa523ad8a3";
				VALIDATE_PRODUCT = YES;
			};
			name = Debug;
		};
		93CDA09B1B15B6750008DCC0 /* Release */ = {
			isa = XCBuildConfiguration;
			buildSettings = {
				ASSETCATALOG_COMPILER_APPICON_NAME = AppIcon;
				ASSETCATALOG_COMPILER_LAUNCHIMAGE_NAME = LaunchImage;
				CODE_SIGN_IDENTITY = "iPhone Developer: Sen Ye (FE46ZS29LM)";
				"CODE_SIGN_IDENTITY[sdk=iphoneos*]" = "iPhone Developer: Sen Ye (FE46ZS29LM)";
				GCC_PREFIX_HEADER = "$(SRCROOT)/GoodMore/PrefixHeader.pch";
				INFOPLIST_FILE = GoodMore/Info.plist;
				LD_RUNPATH_SEARCH_PATHS = "$(inherited) @executable_path/Frameworks";
				PRODUCT_NAME = GoodMore;
				PROVISIONING_PROFILE = "cad5d974-d31c-4a37-a883-e0aa523ad8a3";
				VALIDATE_PRODUCT = YES;
			};
			name = Release;
		};
		93CDA09D1B15B6750008DCC0 /* Debug */ = {
			isa = XCBuildConfiguration;
			buildSettings = {
				BUNDLE_LOADER = "$(TEST_HOST)";
				FRAMEWORK_SEARCH_PATHS = (
					"$(SDKROOT)/Developer/Library/Frameworks",
					"$(inherited)",
				);
				GCC_PREPROCESSOR_DEFINITIONS = (
					"DEBUG=1",
					"$(inherited)",
				);
				INFOPLIST_FILE = GoodMoreTests/Info.plist;
				LD_RUNPATH_SEARCH_PATHS = "$(inherited) @executable_path/Frameworks @loader_path/Frameworks";
				PRODUCT_NAME = GoodMoreTests;
				TEST_HOST = "$(BUILT_PRODUCTS_DIR)/GoodMore.app/GoodMore";
			};
			name = Debug;
		};
		93CDA09E1B15B6750008DCC0 /* Release */ = {
			isa = XCBuildConfiguration;
			buildSettings = {
				BUNDLE_LOADER = "$(TEST_HOST)";
				FRAMEWORK_SEARCH_PATHS = (
					"$(SDKROOT)/Developer/Library/Frameworks",
					"$(inherited)",
				);
				INFOPLIST_FILE = GoodMoreTests/Info.plist;
				LD_RUNPATH_SEARCH_PATHS = "$(inherited) @executable_path/Frameworks @loader_path/Frameworks";
				PRODUCT_NAME = GoodMoreTests;
				TEST_HOST = "$(BUILT_PRODUCTS_DIR)/GoodMore.app/GoodMore";
			};
			name = Release;
		};
/* End XCBuildConfiguration section */

/* Begin XCConfigurationList section */
		93CDA0711B15B6750008DCC0 /* Build configuration list for PBXProject "GoodMore" */ = {
			isa = XCConfigurationList;
			buildConfigurations = (
				93CDA0971B15B6750008DCC0 /* Debug */,
				93CDA0981B15B6750008DCC0 /* Release */,
			);
			defaultConfigurationIsVisible = 0;
			defaultConfigurationName = Release;
		};
		93CDA0991B15B6750008DCC0 /* Build configuration list for PBXNativeTarget "GoodMore" */ = {
			isa = XCConfigurationList;
			buildConfigurations = (
				93CDA09A1B15B6750008DCC0 /* Debug */,
				93CDA09B1B15B6750008DCC0 /* Release */,
			);
			defaultConfigurationIsVisible = 0;
			defaultConfigurationName = Release;
		};
		93CDA09C1B15B6750008DCC0 /* Build configuration list for PBXNativeTarget "GoodMoreTests" */ = {
			isa = XCConfigurationList;
			buildConfigurations = (
				93CDA09D1B15B6750008DCC0 /* Debug */,
				93CDA09E1B15B6750008DCC0 /* Release */,
			);
			defaultConfigurationIsVisible = 0;
			defaultConfigurationName = Release;
		};
/* End XCConfigurationList section */
	};
	rootObject = 93CDA06E1B15B6750008DCC0 /* Project object */;
}
